// !$*UTF8*$!
{
	archiveVersion = 1;
	classes = {
	};
	objectVersion = 55;
	objects = {

/* Begin PBXBuildFile section */
		CF1802A428C7B324004AF808 /* FruitInteractionViewModel.swift in Sources */ = {isa = PBXBuildFile; fileRef = CF1802A328C7B324004AF808 /* FruitInteractionViewModel.swift */; };
		CF2A066628C7562900E4433F /* AddFruitParameter.swift in Sources */ = {isa = PBXBuildFile; fileRef = CF2A066528C7562900E4433F /* AddFruitParameter.swift */; };
		CF2A066C28C7657200E4433F /* AddFruitViewController.swift in Sources */ = {isa = PBXBuildFile; fileRef = CF2A066B28C7657200E4433F /* AddFruitViewController.swift */; };
		CF2EB84A28C5D66800548A5C /* AppDelegate.swift in Sources */ = {isa = PBXBuildFile; fileRef = CF2EB84928C5D66800548A5C /* AppDelegate.swift */; };
		CF2EB84C28C5D66800548A5C /* SceneDelegate.swift in Sources */ = {isa = PBXBuildFile; fileRef = CF2EB84B28C5D66800548A5C /* SceneDelegate.swift */; };
		CF2EB84E28C5D66800548A5C /* ViewController.swift in Sources */ = {isa = PBXBuildFile; fileRef = CF2EB84D28C5D66800548A5C /* ViewController.swift */; };
		CF2EB85328C5D66B00548A5C /* Assets.xcassets in Resources */ = {isa = PBXBuildFile; fileRef = CF2EB85228C5D66B00548A5C /* Assets.xcassets */; };
		CF2EB85628C5D66B00548A5C /* LaunchScreen.storyboard in Resources */ = {isa = PBXBuildFile; fileRef = CF2EB85428C5D66B00548A5C /* LaunchScreen.storyboard */; };
		CF2EB86128C5D66B00548A5C /* fruits_graphqlTests.swift in Sources */ = {isa = PBXBuildFile; fileRef = CF2EB86028C5D66B00548A5C /* fruits_graphqlTests.swift */; };
		CF2EB86B28C5D66B00548A5C /* fruits_graphqlUITests.swift in Sources */ = {isa = PBXBuildFile; fileRef = CF2EB86A28C5D66B00548A5C /* fruits_graphqlUITests.swift */; };
		CF2EB86D28C5D66B00548A5C /* fruits_graphqlUITestsLaunchTests.swift in Sources */ = {isa = PBXBuildFile; fileRef = CF2EB86C28C5D66B00548A5C /* fruits_graphqlUITestsLaunchTests.swift */; };
		CF2EB87B28C5D75C00548A5C /* Apollo in Frameworks */ = {isa = PBXBuildFile; productRef = CF2EB87A28C5D75C00548A5C /* Apollo */; };
		CF2EB87D28C5D75C00548A5C /* ApolloWebSocket in Frameworks */ = {isa = PBXBuildFile; productRef = CF2EB87C28C5D75C00548A5C /* ApolloWebSocket */; };
		CF2EB88828C5DDDC00548A5C /* FruitList.graphql in Resources */ = {isa = PBXBuildFile; fileRef = CF2EB88728C5DDDC00548A5C /* FruitList.graphql */; };
		CF2EB88A28C5DEF600548A5C /* API.swift in Sources */ = {isa = PBXBuildFile; fileRef = CF2EB88928C5DEF600548A5C /* API.swift */; };
		CF2EB88D28C5DF5A00548A5C /* ApolloNetwork.swift in Sources */ = {isa = PBXBuildFile; fileRef = CF2EB88C28C5DF5A00548A5C /* ApolloNetwork.swift */; };
		CF2EB89128C5E14100548A5C /* FruitModel.swift in Sources */ = {isa = PBXBuildFile; fileRef = CF2EB89028C5E14100548A5C /* FruitModel.swift */; };
		CF2EB89628C5E88300548A5C /* FruitsRepository.swift in Sources */ = {isa = PBXBuildFile; fileRef = CF2EB89528C5E88300548A5C /* FruitsRepository.swift */; };
		CF2EB89828C5E8E800548A5C /* FruitsRepositoryImpl.swift in Sources */ = {isa = PBXBuildFile; fileRef = CF2EB89728C5E8E800548A5C /* FruitsRepositoryImpl.swift */; };
		CF2EB89B28C5E9B900548A5C /* FruitMapper.swift in Sources */ = {isa = PBXBuildFile; fileRef = CF2EB89A28C5E9B900548A5C /* FruitMapper.swift */; };
		CF2EB8A528C5FA4700548A5C /* BaseErrorModel.swift in Sources */ = {isa = PBXBuildFile; fileRef = CF2EB8A428C5FA4700548A5C /* BaseErrorModel.swift */; };
		CF40764B28C7A37D006A4BE0 /* TPKeyboardAvoiding in Frameworks */ = {isa = PBXBuildFile; productRef = CF40764A28C7A37D006A4BE0 /* TPKeyboardAvoiding */; };
		CF582C8228D83EDE00FD5ADD /* Injection.swift in Sources */ = {isa = PBXBuildFile; fileRef = CF582C8128D83EDE00FD5ADD /* Injection.swift */; };
		CF710D6B28D2FDC8007A9205 /* Storyboard.swift in Sources */ = {isa = PBXBuildFile; fileRef = CF710D6A28D2FDC8007A9205 /* Storyboard.swift */; };
		CF710D6D28D30007007A9205 /* Fruit.storyboard in Resources */ = {isa = PBXBuildFile; fileRef = CF710D6C28D30007007A9205 /* Fruit.storyboard */; };
		CF710D6F28D3035E007A9205 /* UINavigationController+Ext.swift in Sources */ = {isa = PBXBuildFile; fileRef = CF710D6E28D3035E007A9205 /* UINavigationController+Ext.swift */; };
		CF710D7128D3059A007A9205 /* Detail.storyboard in Resources */ = {isa = PBXBuildFile; fileRef = CF710D7028D3059A007A9205 /* Detail.storyboard */; };
		CF9A869428C88727005A2439 /* FruitsViewModelTest.swift in Sources */ = {isa = PBXBuildFile; fileRef = CF9A869328C88727005A2439 /* FruitsViewModelTest.swift */; };
		CF9A869528C88775005A2439 /* FruitsUseCaseFactory.swift in Sources */ = {isa = PBXBuildFile; fileRef = CFA382CA28C8850C00494CB6 /* FruitsUseCaseFactory.swift */; };
		CF9A869728C8C380005A2439 /* AddFruitViewModelTest.swift in Sources */ = {isa = PBXBuildFile; fileRef = CF9A869628C8C380005A2439 /* AddFruitViewModelTest.swift */; };
		CFA382BF28C8814C00494CB6 /* Mockingbird in Frameworks */ = {isa = PBXBuildFile; productRef = CFA382BE28C8814C00494CB6 /* Mockingbird */; };
		CFA382C528C883DD00494CB6 /* FruitsHelper.swift in Sources */ = {isa = PBXBuildFile; fileRef = CFA382C428C883DC00494CB6 /* FruitsHelper.swift */; };
		CFA382C828C8849400494CB6 /* CommonHelper.swift in Sources */ = {isa = PBXBuildFile; fileRef = CFA382C728C8849400494CB6 /* CommonHelper.swift */; };
		CFBAB6E128C5FC6F00DED95C /* FruitsUseCase.swift in Sources */ = {isa = PBXBuildFile; fileRef = CFBAB6E028C5FC6F00DED95C /* FruitsUseCase.swift */; };
		CFBAB6E328C5FD4500DED95C /* FruitsUseCaseImpl.swift in Sources */ = {isa = PBXBuildFile; fileRef = CFBAB6E228C5FD4500DED95C /* FruitsUseCaseImpl.swift */; };
		CFBAB6E628C5FE6000DED95C /* FruitsViewModel.swift in Sources */ = {isa = PBXBuildFile; fileRef = CFBAB6E528C5FE6000DED95C /* FruitsViewModel.swift */; };
		CFBAB6E928C5FF0C00DED95C /* RxCocoa in Frameworks */ = {isa = PBXBuildFile; productRef = CFBAB6E828C5FF0C00DED95C /* RxCocoa */; };
		CFBAB6EB28C5FF0C00DED95C /* RxSwift in Frameworks */ = {isa = PBXBuildFile; productRef = CFBAB6EA28C5FF0C00DED95C /* RxSwift */; };
		CFDC805D28C6E21C009A351A /* FruitDetailViewController.swift in Sources */ = {isa = PBXBuildFile; fileRef = CFDC805C28C6E21B009A351A /* FruitDetailViewController.swift */; };
		CFDC805F28C6E26A009A351A /* FruitDetailModel.swift in Sources */ = {isa = PBXBuildFile; fileRef = CFDC805E28C6E26A009A351A /* FruitDetailModel.swift */; };
		CFDC806128C6E697009A351A /* FruitDetailMapper.swift in Sources */ = {isa = PBXBuildFile; fileRef = CFDC806028C6E697009A351A /* FruitDetailMapper.swift */; };
		CFDC806328C6E6F1009A351A /* FruitDetail.graphql in Resources */ = {isa = PBXBuildFile; fileRef = CFDC806228C6E6F1009A351A /* FruitDetail.graphql */; };
		CFDC806528C6F0E6009A351A /* FruitDetailRepository.swift in Sources */ = {isa = PBXBuildFile; fileRef = CFDC806428C6F0E6009A351A /* FruitDetailRepository.swift */; };
		CFDC806728C6F1BE009A351A /* FruitDetailRepositoryImpl.swift in Sources */ = {isa = PBXBuildFile; fileRef = CFDC806628C6F1BE009A351A /* FruitDetailRepositoryImpl.swift */; };
		CFDC806928C6FE3C009A351A /* FruitDetailUseCase.swift in Sources */ = {isa = PBXBuildFile; fileRef = CFDC806828C6FE3C009A351A /* FruitDetailUseCase.swift */; };
		CFDC806B28C6FE7A009A351A /* FruitDetailUseCaseImpl.swift in Sources */ = {isa = PBXBuildFile; fileRef = CFDC806A28C6FE7A009A351A /* FruitDetailUseCaseImpl.swift */; };
		CFDC806D28C6FFA1009A351A /* FruitDetailViewModel.swift in Sources */ = {isa = PBXBuildFile; fileRef = CFDC806C28C6FFA1009A351A /* FruitDetailViewModel.swift */; };
		CFFE8C7528C74C30001F4729 /* FruitTableViewCell.swift in Sources */ = {isa = PBXBuildFile; fileRef = CFFE8C7328C74C30001F4729 /* FruitTableViewCell.swift */; };
		F0DEA7B041A3EC1015A8EB85 /* fruits_graphqlTests-fruits_graphqlMocks.generated.swift in Sources */ = {isa = PBXBuildFile; fileRef = 30BD6590B8D94F7CC098DEA8 /* fruits_graphqlTests-fruits_graphqlMocks.generated.swift */; };
/* End PBXBuildFile section */

/* Begin PBXContainerItemProxy section */
		CF2EB85D28C5D66B00548A5C /* PBXContainerItemProxy */ = {
			isa = PBXContainerItemProxy;
			containerPortal = CF2EB83E28C5D66700548A5C /* Project object */;
			proxyType = 1;
			remoteGlobalIDString = CF2EB84528C5D66700548A5C;
			remoteInfo = "fruits-graphql";
		};
		CF2EB86728C5D66B00548A5C /* PBXContainerItemProxy */ = {
			isa = PBXContainerItemProxy;
			containerPortal = CF2EB83E28C5D66700548A5C /* Project object */;
			proxyType = 1;
			remoteGlobalIDString = CF2EB84528C5D66700548A5C;
			remoteInfo = "fruits-graphql";
		};
/* End PBXContainerItemProxy section */

/* Begin PBXFileReference section */
		30BD6590B8D94F7CC098DEA8 /* fruits_graphqlTests-fruits_graphqlMocks.generated.swift */ = {isa = PBXFileReference; explicitFileType = sourcecode.swift; name = "fruits_graphqlTests-fruits_graphqlMocks.generated.swift"; path = "MockingbirdMocks/fruits_graphqlTests-fruits_graphqlMocks.generated.swift"; sourceTree = "<group>"; };
		CF1802A328C7B324004AF808 /* FruitInteractionViewModel.swift */ = {isa = PBXFileReference; lastKnownFileType = sourcecode.swift; path = FruitInteractionViewModel.swift; sourceTree = "<group>"; };
		CF2A066528C7562900E4433F /* AddFruitParameter.swift */ = {isa = PBXFileReference; lastKnownFileType = sourcecode.swift; path = AddFruitParameter.swift; sourceTree = "<group>"; };
		CF2A066B28C7657200E4433F /* AddFruitViewController.swift */ = {isa = PBXFileReference; lastKnownFileType = sourcecode.swift; path = AddFruitViewController.swift; sourceTree = "<group>"; };
		CF2EB84628C5D66800548A5C /* fruits-graphql.app */ = {isa = PBXFileReference; explicitFileType = wrapper.application; includeInIndex = 0; path = "fruits-graphql.app"; sourceTree = BUILT_PRODUCTS_DIR; };
		CF2EB84928C5D66800548A5C /* AppDelegate.swift */ = {isa = PBXFileReference; lastKnownFileType = sourcecode.swift; path = AppDelegate.swift; sourceTree = "<group>"; };
		CF2EB84B28C5D66800548A5C /* SceneDelegate.swift */ = {isa = PBXFileReference; lastKnownFileType = sourcecode.swift; path = SceneDelegate.swift; sourceTree = "<group>"; };
		CF2EB84D28C5D66800548A5C /* ViewController.swift */ = {isa = PBXFileReference; lastKnownFileType = sourcecode.swift; path = ViewController.swift; sourceTree = "<group>"; };
		CF2EB85228C5D66B00548A5C /* Assets.xcassets */ = {isa = PBXFileReference; lastKnownFileType = folder.assetcatalog; path = Assets.xcassets; sourceTree = "<group>"; };
		CF2EB85528C5D66B00548A5C /* Base */ = {isa = PBXFileReference; lastKnownFileType = file.storyboard; name = Base; path = Base.lproj/LaunchScreen.storyboard; sourceTree = "<group>"; };
		CF2EB85728C5D66B00548A5C /* Info.plist */ = {isa = PBXFileReference; lastKnownFileType = text.plist.xml; path = Info.plist; sourceTree = "<group>"; };
		CF2EB85C28C5D66B00548A5C /* fruits-graphqlTests.xctest */ = {isa = PBXFileReference; explicitFileType = wrapper.cfbundle; includeInIndex = 0; path = "fruits-graphqlTests.xctest"; sourceTree = BUILT_PRODUCTS_DIR; };
		CF2EB86028C5D66B00548A5C /* fruits_graphqlTests.swift */ = {isa = PBXFileReference; lastKnownFileType = sourcecode.swift; path = fruits_graphqlTests.swift; sourceTree = "<group>"; };
		CF2EB86628C5D66B00548A5C /* fruits-graphqlUITests.xctest */ = {isa = PBXFileReference; explicitFileType = wrapper.cfbundle; includeInIndex = 0; path = "fruits-graphqlUITests.xctest"; sourceTree = BUILT_PRODUCTS_DIR; };
		CF2EB86A28C5D66B00548A5C /* fruits_graphqlUITests.swift */ = {isa = PBXFileReference; lastKnownFileType = sourcecode.swift; path = fruits_graphqlUITests.swift; sourceTree = "<group>"; };
		CF2EB86C28C5D66B00548A5C /* fruits_graphqlUITestsLaunchTests.swift */ = {isa = PBXFileReference; lastKnownFileType = sourcecode.swift; path = fruits_graphqlUITestsLaunchTests.swift; sourceTree = "<group>"; };
		CF2EB88328C5DA5100548A5C /* schema.json */ = {isa = PBXFileReference; lastKnownFileType = text.json; path = schema.json; sourceTree = "<group>"; };
		CF2EB88728C5DDDC00548A5C /* FruitList.graphql */ = {isa = PBXFileReference; lastKnownFileType = text; path = FruitList.graphql; sourceTree = "<group>"; };
		CF2EB88928C5DEF600548A5C /* API.swift */ = {isa = PBXFileReference; fileEncoding = 4; lastKnownFileType = sourcecode.swift; path = API.swift; sourceTree = "<group>"; };
		CF2EB88C28C5DF5A00548A5C /* ApolloNetwork.swift */ = {isa = PBXFileReference; lastKnownFileType = sourcecode.swift; path = ApolloNetwork.swift; sourceTree = "<group>"; };
		CF2EB89028C5E14100548A5C /* FruitModel.swift */ = {isa = PBXFileReference; lastKnownFileType = sourcecode.swift; path = FruitModel.swift; sourceTree = "<group>"; };
		CF2EB89528C5E88300548A5C /* FruitsRepository.swift */ = {isa = PBXFileReference; lastKnownFileType = sourcecode.swift; path = FruitsRepository.swift; sourceTree = "<group>"; };
		CF2EB89728C5E8E800548A5C /* FruitsRepositoryImpl.swift */ = {isa = PBXFileReference; lastKnownFileType = sourcecode.swift; path = FruitsRepositoryImpl.swift; sourceTree = "<group>"; };
		CF2EB89A28C5E9B900548A5C /* FruitMapper.swift */ = {isa = PBXFileReference; lastKnownFileType = sourcecode.swift; path = FruitMapper.swift; sourceTree = "<group>"; };
		CF2EB8A428C5FA4700548A5C /* BaseErrorModel.swift */ = {isa = PBXFileReference; lastKnownFileType = sourcecode.swift; path = BaseErrorModel.swift; sourceTree = "<group>"; };
		CF582C8128D83EDE00FD5ADD /* Injection.swift */ = {isa = PBXFileReference; lastKnownFileType = sourcecode.swift; path = Injection.swift; sourceTree = "<group>"; };
		CF710D6A28D2FDC8007A9205 /* Storyboard.swift */ = {isa = PBXFileReference; lastKnownFileType = sourcecode.swift; path = Storyboard.swift; sourceTree = "<group>"; };
		CF710D6C28D30007007A9205 /* Fruit.storyboard */ = {isa = PBXFileReference; lastKnownFileType = file.storyboard; path = Fruit.storyboard; sourceTree = "<group>"; };
		CF710D6E28D3035E007A9205 /* UINavigationController+Ext.swift */ = {isa = PBXFileReference; lastKnownFileType = sourcecode.swift; path = "UINavigationController+Ext.swift"; sourceTree = "<group>"; };
		CF710D7028D3059A007A9205 /* Detail.storyboard */ = {isa = PBXFileReference; lastKnownFileType = file.storyboard; path = Detail.storyboard; sourceTree = "<group>"; };
		CF9A869328C88727005A2439 /* FruitsViewModelTest.swift */ = {isa = PBXFileReference; lastKnownFileType = sourcecode.swift; path = FruitsViewModelTest.swift; sourceTree = "<group>"; };
		CF9A869628C8C380005A2439 /* AddFruitViewModelTest.swift */ = {isa = PBXFileReference; lastKnownFileType = sourcecode.swift; path = AddFruitViewModelTest.swift; sourceTree = "<group>"; };
		CFA382C428C883DC00494CB6 /* FruitsHelper.swift */ = {isa = PBXFileReference; lastKnownFileType = sourcecode.swift; path = FruitsHelper.swift; sourceTree = "<group>"; };
		CFA382C728C8849400494CB6 /* CommonHelper.swift */ = {isa = PBXFileReference; lastKnownFileType = sourcecode.swift; path = CommonHelper.swift; sourceTree = "<group>"; };
		CFA382CA28C8850C00494CB6 /* FruitsUseCaseFactory.swift */ = {isa = PBXFileReference; lastKnownFileType = sourcecode.swift; path = FruitsUseCaseFactory.swift; sourceTree = "<group>"; };
		CFBAB6E028C5FC6F00DED95C /* FruitsUseCase.swift */ = {isa = PBXFileReference; lastKnownFileType = sourcecode.swift; path = FruitsUseCase.swift; sourceTree = "<group>"; };
		CFBAB6E228C5FD4500DED95C /* FruitsUseCaseImpl.swift */ = {isa = PBXFileReference; lastKnownFileType = sourcecode.swift; path = FruitsUseCaseImpl.swift; sourceTree = "<group>"; };
		CFBAB6E528C5FE6000DED95C /* FruitsViewModel.swift */ = {isa = PBXFileReference; lastKnownFileType = sourcecode.swift; path = FruitsViewModel.swift; sourceTree = "<group>"; };
		CFDC805C28C6E21B009A351A /* FruitDetailViewController.swift */ = {isa = PBXFileReference; lastKnownFileType = sourcecode.swift; path = FruitDetailViewController.swift; sourceTree = "<group>"; };
		CFDC805E28C6E26A009A351A /* FruitDetailModel.swift */ = {isa = PBXFileReference; lastKnownFileType = sourcecode.swift; path = FruitDetailModel.swift; sourceTree = "<group>"; };
		CFDC806028C6E697009A351A /* FruitDetailMapper.swift */ = {isa = PBXFileReference; lastKnownFileType = sourcecode.swift; path = FruitDetailMapper.swift; sourceTree = "<group>"; };
		CFDC806228C6E6F1009A351A /* FruitDetail.graphql */ = {isa = PBXFileReference; lastKnownFileType = text; path = FruitDetail.graphql; sourceTree = "<group>"; };
		CFDC806428C6F0E6009A351A /* FruitDetailRepository.swift */ = {isa = PBXFileReference; lastKnownFileType = sourcecode.swift; path = FruitDetailRepository.swift; sourceTree = "<group>"; };
		CFDC806628C6F1BE009A351A /* FruitDetailRepositoryImpl.swift */ = {isa = PBXFileReference; lastKnownFileType = sourcecode.swift; path = FruitDetailRepositoryImpl.swift; sourceTree = "<group>"; };
		CFDC806828C6FE3C009A351A /* FruitDetailUseCase.swift */ = {isa = PBXFileReference; lastKnownFileType = sourcecode.swift; path = FruitDetailUseCase.swift; sourceTree = "<group>"; };
		CFDC806A28C6FE7A009A351A /* FruitDetailUseCaseImpl.swift */ = {isa = PBXFileReference; lastKnownFileType = sourcecode.swift; path = FruitDetailUseCaseImpl.swift; sourceTree = "<group>"; };
		CFDC806C28C6FFA1009A351A /* FruitDetailViewModel.swift */ = {isa = PBXFileReference; lastKnownFileType = sourcecode.swift; path = FruitDetailViewModel.swift; sourceTree = "<group>"; };
		CFFE8C7328C74C30001F4729 /* FruitTableViewCell.swift */ = {isa = PBXFileReference; lastKnownFileType = sourcecode.swift; path = FruitTableViewCell.swift; sourceTree = "<group>"; };
/* End PBXFileReference section */

/* Begin PBXFrameworksBuildPhase section */
		CF2EB84328C5D66700548A5C /* Frameworks */ = {
			isa = PBXFrameworksBuildPhase;
			buildActionMask = 2147483647;
			files = (
				CFBAB6E928C5FF0C00DED95C /* RxCocoa in Frameworks */,
				CF2EB87B28C5D75C00548A5C /* Apollo in Frameworks */,
				CFBAB6EB28C5FF0C00DED95C /* RxSwift in Frameworks */,
				CF2EB87D28C5D75C00548A5C /* ApolloWebSocket in Frameworks */,
				CF40764B28C7A37D006A4BE0 /* TPKeyboardAvoiding in Frameworks */,
			);
			runOnlyForDeploymentPostprocessing = 0;
		};
		CF2EB85928C5D66B00548A5C /* Frameworks */ = {
			isa = PBXFrameworksBuildPhase;
			buildActionMask = 2147483647;
			files = (
				CFA382BF28C8814C00494CB6 /* Mockingbird in Frameworks */,
			);
			runOnlyForDeploymentPostprocessing = 0;
		};
		CF2EB86328C5D66B00548A5C /* Frameworks */ = {
			isa = PBXFrameworksBuildPhase;
			buildActionMask = 2147483647;
			files = (
			);
			runOnlyForDeploymentPostprocessing = 0;
		};
/* End PBXFrameworksBuildPhase section */

/* Begin PBXGroup section */
		7A2DFA57749D7BB38A1283A6 /* Generated Mocks */ = {
			isa = PBXGroup;
			children = (
				30BD6590B8D94F7CC098DEA8 /* fruits_graphqlTests-fruits_graphqlMocks.generated.swift */,
			);
			name = "Generated Mocks";
			sourceTree = "<group>";
		};
		CF2EB83D28C5D66700548A5C = {
			isa = PBXGroup;
			children = (
				CF2EB84828C5D66800548A5C /* fruits-graphql */,
				CF2EB85F28C5D66B00548A5C /* fruits-graphqlTests */,
				CF2EB86928C5D66B00548A5C /* fruits-graphqlUITests */,
				CF2EB84728C5D66800548A5C /* Products */,
				7A2DFA57749D7BB38A1283A6 /* Generated Mocks */,
			);
			sourceTree = "<group>";
		};
		CF2EB84728C5D66800548A5C /* Products */ = {
			isa = PBXGroup;
			children = (
				CF2EB84628C5D66800548A5C /* fruits-graphql.app */,
				CF2EB85C28C5D66B00548A5C /* fruits-graphqlTests.xctest */,
				CF2EB86628C5D66B00548A5C /* fruits-graphqlUITests.xctest */,
			);
			name = Products;
			sourceTree = "<group>";
		};
		CF2EB84828C5D66800548A5C /* fruits-graphql */ = {
			isa = PBXGroup;
			children = (
				CF2EB87F28C5D9BC00548A5C /* uikit */,
				CF2EB88028C5D9CA00548A5C /* core */,
				CF2EB88128C5D9DB00548A5C /* domain */,
				CF2EB84928C5D66800548A5C /* AppDelegate.swift */,
				CF2EB84B28C5D66800548A5C /* SceneDelegate.swift */,
				CF2EB85228C5D66B00548A5C /* Assets.xcassets */,
				CF2EB85428C5D66B00548A5C /* LaunchScreen.storyboard */,
				CF2EB85728C5D66B00548A5C /* Info.plist */,
			);
			path = "fruits-graphql";
			sourceTree = "<group>";
		};
		CF2EB85F28C5D66B00548A5C /* fruits-graphqlTests */ = {
			isa = PBXGroup;
			children = (
				CFA382C628C8847F00494CB6 /* common */,
				CFA382C028C881DC00494CB6 /* domain */,
				CF2EB86028C5D66B00548A5C /* fruits_graphqlTests.swift */,
			);
			path = "fruits-graphqlTests";
			sourceTree = "<group>";
		};
		CF2EB86928C5D66B00548A5C /* fruits-graphqlUITests */ = {
			isa = PBXGroup;
			children = (
				CF2EB86A28C5D66B00548A5C /* fruits_graphqlUITests.swift */,
				CF2EB86C28C5D66B00548A5C /* fruits_graphqlUITestsLaunchTests.swift */,
			);
			path = "fruits-graphqlUITests";
			sourceTree = "<group>";
		};
		CF2EB87F28C5D9BC00548A5C /* uikit */ = {
			isa = PBXGroup;
			children = (
			);
			path = uikit;
			sourceTree = "<group>";
		};
		CF2EB88028C5D9CA00548A5C /* core */ = {
			isa = PBXGroup;
			children = (
				CF582C8028D83EB800FD5ADD /* DI */,
				CF710D6828D2FDAD007A9205 /* utilities */,
				CF2EB88B28C5DF4D00548A5C /* network */,
				CF2EB88428C5DB1600548A5C /* dataSource */,
			);
			path = core;
			sourceTree = "<group>";
		};
		CF2EB88128C5D9DB00548A5C /* domain */ = {
			isa = PBXGroup;
			children = (
				CF2EB89C28C5F93900548A5C /* common */,
				CF2EB88528C5DB4B00548A5C /* fruits */,
				CFDC805528C6E173009A351A /* detail */,
			);
			path = domain;
			sourceTree = "<group>";
		};
		CF2EB88428C5DB1600548A5C /* dataSource */ = {
			isa = PBXGroup;
			children = (
				CF2EB88928C5DEF600548A5C /* API.swift */,
				CF2EB88328C5DA5100548A5C /* schema.json */,
			);
			path = dataSource;
			sourceTree = "<group>";
		};
		CF2EB88528C5DB4B00548A5C /* fruits */ = {
			isa = PBXGroup;
			children = (
				CFBAB6E428C5FE3D00DED95C /* viewModel */,
				CFBAB6DF28C5FC5E00DED95C /* useCase */,
				CF2EB89928C5E99E00548A5C /* mapper */,
				CF2EB88F28C5E12E00548A5C /* model */,
				CF2EB88628C5DDA200548A5C /* repository */,
				CF2EB88E28C5E0FF00548A5C /* view */,
				CF710D6C28D30007007A9205 /* Fruit.storyboard */,
			);
			path = fruits;
			sourceTree = "<group>";
		};
		CF2EB88628C5DDA200548A5C /* repository */ = {
			isa = PBXGroup;
			children = (
				CF2EB88728C5DDDC00548A5C /* FruitList.graphql */,
				CF2EB89528C5E88300548A5C /* FruitsRepository.swift */,
				CF2EB89728C5E8E800548A5C /* FruitsRepositoryImpl.swift */,
			);
			path = repository;
			sourceTree = "<group>";
		};
		CF2EB88B28C5DF4D00548A5C /* network */ = {
			isa = PBXGroup;
			children = (
				CF2EB88C28C5DF5A00548A5C /* ApolloNetwork.swift */,
			);
			path = network;
			sourceTree = "<group>";
		};
		CF2EB88E28C5E0FF00548A5C /* view */ = {
			isa = PBXGroup;
			children = (
				CF2A066B28C7657200E4433F /* AddFruitViewController.swift */,
				CF2EB84D28C5D66800548A5C /* ViewController.swift */,
				CFFE8C7328C74C30001F4729 /* FruitTableViewCell.swift */,
			);
			path = view;
			sourceTree = "<group>";
		};
		CF2EB88F28C5E12E00548A5C /* model */ = {
			isa = PBXGroup;
			children = (
				CF2EB89028C5E14100548A5C /* FruitModel.swift */,
				CF2A066528C7562900E4433F /* AddFruitParameter.swift */,
			);
			path = model;
			sourceTree = "<group>";
		};
		CF2EB89928C5E99E00548A5C /* mapper */ = {
			isa = PBXGroup;
			children = (
				CF2EB89A28C5E9B900548A5C /* FruitMapper.swift */,
			);
			path = mapper;
			sourceTree = "<group>";
		};
		CF2EB89C28C5F93900548A5C /* common */ = {
			isa = PBXGroup;
			children = (
				CF2EB8A328C5FA3D00548A5C /* model */,
			);
			path = common;
			sourceTree = "<group>";
		};
		CF2EB8A328C5FA3D00548A5C /* model */ = {
			isa = PBXGroup;
			children = (
				CF2EB8A428C5FA4700548A5C /* BaseErrorModel.swift */,
			);
			path = model;
			sourceTree = "<group>";
		};
		CF582C8028D83EB800FD5ADD /* DI */ = {
			isa = PBXGroup;
			children = (
				CF582C8128D83EDE00FD5ADD /* Injection.swift */,
			);
			path = DI;
			sourceTree = "<group>";
		};
		CF710D6828D2FDAD007A9205 /* utilities */ = {
			isa = PBXGroup;
			children = (
				CF710D6A28D2FDC8007A9205 /* Storyboard.swift */,
				CF710D6E28D3035E007A9205 /* UINavigationController+Ext.swift */,
			);
			path = utilities;
			sourceTree = "<group>";
		};
		CF9A869028C885A9005A2439 /* viewModel */ = {
			isa = PBXGroup;
			children = (
				CF9A869328C88727005A2439 /* FruitsViewModelTest.swift */,
				CF9A869628C8C380005A2439 /* AddFruitViewModelTest.swift */,
			);
			path = viewModel;
			sourceTree = "<group>";
		};
		CFA382C028C881DC00494CB6 /* domain */ = {
			isa = PBXGroup;
			children = (
				CFA382C128C881F100494CB6 /* fruits */,
			);
			path = domain;
			sourceTree = "<group>";
		};
		CFA382C128C881F100494CB6 /* fruits */ = {
			isa = PBXGroup;
			children = (
				CF9A869028C885A9005A2439 /* viewModel */,
				CFA382C928C8850600494CB6 /* mock */,
			);
			path = fruits;
			sourceTree = "<group>";
		};
		CFA382C628C8847F00494CB6 /* common */ = {
			isa = PBXGroup;
			children = (
				CFA382C728C8849400494CB6 /* CommonHelper.swift */,
			);
			path = common;
			sourceTree = "<group>";
		};
		CFA382C928C8850600494CB6 /* mock */ = {
			isa = PBXGroup;
			children = (
				CFA382CA28C8850C00494CB6 /* FruitsUseCaseFactory.swift */,
				CFA382C428C883DC00494CB6 /* FruitsHelper.swift */,
			);
			path = mock;
			sourceTree = "<group>";
		};
		CFBAB6DF28C5FC5E00DED95C /* useCase */ = {
			isa = PBXGroup;
			children = (
				CFBAB6E028C5FC6F00DED95C /* FruitsUseCase.swift */,
				CFBAB6E228C5FD4500DED95C /* FruitsUseCaseImpl.swift */,
			);
			path = useCase;
			sourceTree = "<group>";
		};
		CFBAB6E428C5FE3D00DED95C /* viewModel */ = {
			isa = PBXGroup;
			children = (
				CFBAB6E528C5FE6000DED95C /* FruitsViewModel.swift */,
				CF1802A328C7B324004AF808 /* FruitInteractionViewModel.swift */,
			);
			path = viewModel;
			sourceTree = "<group>";
		};
		CFDC805528C6E173009A351A /* detail */ = {
			isa = PBXGroup;
			children = (
				CFDC805B28C6E1BE009A351A /* viewModel */,
				CFDC805A28C6E1BA009A351A /* useCase */,
				CFDC805928C6E1B2009A351A /* repository */,
				CFDC805828C6E18B009A351A /* mapper */,
				CFDC805728C6E187009A351A /* model */,
				CFDC805628C6E17E009A351A /* view */,
				CF710D7028D3059A007A9205 /* Detail.storyboard */,
			);
			path = detail;
			sourceTree = "<group>";
		};
		CFDC805628C6E17E009A351A /* view */ = {
			isa = PBXGroup;
			children = (
				CFDC805C28C6E21B009A351A /* FruitDetailViewController.swift */,
			);
			path = view;
			sourceTree = "<group>";
		};
		CFDC805728C6E187009A351A /* model */ = {
			isa = PBXGroup;
			children = (
				CFDC805E28C6E26A009A351A /* FruitDetailModel.swift */,
			);
			path = model;
			sourceTree = "<group>";
		};
		CFDC805828C6E18B009A351A /* mapper */ = {
			isa = PBXGroup;
			children = (
				CFDC806028C6E697009A351A /* FruitDetailMapper.swift */,
			);
			path = mapper;
			sourceTree = "<group>";
		};
		CFDC805928C6E1B2009A351A /* repository */ = {
			isa = PBXGroup;
			children = (
				CFDC806228C6E6F1009A351A /* FruitDetail.graphql */,
				CFDC806428C6F0E6009A351A /* FruitDetailRepository.swift */,
				CFDC806628C6F1BE009A351A /* FruitDetailRepositoryImpl.swift */,
			);
			path = repository;
			sourceTree = "<group>";
		};
		CFDC805A28C6E1BA009A351A /* useCase */ = {
			isa = PBXGroup;
			children = (
				CFDC806828C6FE3C009A351A /* FruitDetailUseCase.swift */,
				CFDC806A28C6FE7A009A351A /* FruitDetailUseCaseImpl.swift */,
			);
			path = useCase;
			sourceTree = "<group>";
		};
		CFDC805B28C6E1BE009A351A /* viewModel */ = {
			isa = PBXGroup;
			children = (
				CFDC806C28C6FFA1009A351A /* FruitDetailViewModel.swift */,
			);
			path = viewModel;
			sourceTree = "<group>";
		};
/* End PBXGroup section */

/* Begin PBXNativeTarget section */
		CF2EB84528C5D66700548A5C /* fruits-graphql */ = {
			isa = PBXNativeTarget;
			buildConfigurationList = CF2EB87028C5D66B00548A5C /* Build configuration list for PBXNativeTarget "fruits-graphql" */;
			buildPhases = (
				CF2EB87E28C5D79600548A5C /* Apollo */,
				CF2EB84228C5D66700548A5C /* Sources */,
				CF2EB84328C5D66700548A5C /* Frameworks */,
				CF2EB84428C5D66700548A5C /* Resources */,
			);
			buildRules = (
			);
			dependencies = (
			);
			name = "fruits-graphql";
			packageProductDependencies = (
				CF2EB87A28C5D75C00548A5C /* Apollo */,
				CF2EB87C28C5D75C00548A5C /* ApolloWebSocket */,
				CFBAB6E828C5FF0C00DED95C /* RxCocoa */,
				CFBAB6EA28C5FF0C00DED95C /* RxSwift */,
				CF40764A28C7A37D006A4BE0 /* TPKeyboardAvoiding */,
			);
			productName = "fruits-graphql";
			productReference = CF2EB84628C5D66800548A5C /* fruits-graphql.app */;
			productType = "com.apple.product-type.application";
		};
		CF2EB85B28C5D66B00548A5C /* fruits-graphqlTests */ = {
			isa = PBXNativeTarget;
			buildConfigurationList = CF2EB87328C5D66B00548A5C /* Build configuration list for PBXNativeTarget "fruits-graphqlTests" */;
			buildPhases = (
				552C8629F11C2059F972C028 /* Generate Mockingbird Mocks */,
				CF2EB85828C5D66B00548A5C /* Sources */,
				CF2EB85928C5D66B00548A5C /* Frameworks */,
				CF2EB85A28C5D66B00548A5C /* Resources */,
			);
			buildRules = (
			);
			dependencies = (
				CF2EB85E28C5D66B00548A5C /* PBXTargetDependency */,
			);
			name = "fruits-graphqlTests";
			packageProductDependencies = (
				CFA382BE28C8814C00494CB6 /* Mockingbird */,
			);
			productName = "fruits-graphqlTests";
			productReference = CF2EB85C28C5D66B00548A5C /* fruits-graphqlTests.xctest */;
			productType = "com.apple.product-type.bundle.unit-test";
		};
		CF2EB86528C5D66B00548A5C /* fruits-graphqlUITests */ = {
			isa = PBXNativeTarget;
			buildConfigurationList = CF2EB87628C5D66B00548A5C /* Build configuration list for PBXNativeTarget "fruits-graphqlUITests" */;
			buildPhases = (
				CF2EB86228C5D66B00548A5C /* Sources */,
				CF2EB86328C5D66B00548A5C /* Frameworks */,
				CF2EB86428C5D66B00548A5C /* Resources */,
			);
			buildRules = (
			);
			dependencies = (
				CF2EB86828C5D66B00548A5C /* PBXTargetDependency */,
			);
			name = "fruits-graphqlUITests";
			productName = "fruits-graphqlUITests";
			productReference = CF2EB86628C5D66B00548A5C /* fruits-graphqlUITests.xctest */;
			productType = "com.apple.product-type.bundle.ui-testing";
		};
/* End PBXNativeTarget section */

/* Begin PBXProject section */
		CF2EB83E28C5D66700548A5C /* Project object */ = {
			isa = PBXProject;
			attributes = {
				BuildIndependentTargetsInParallel = 1;
				LastSwiftUpdateCheck = 1340;
				LastUpgradeCheck = 1340;
				TargetAttributes = {
					CF2EB84528C5D66700548A5C = {
						CreatedOnToolsVersion = 13.4.1;
						LastSwiftMigration = 1340;
					};
					CF2EB85B28C5D66B00548A5C = {
						CreatedOnToolsVersion = 13.4.1;
						TestTargetID = CF2EB84528C5D66700548A5C;
					};
					CF2EB86528C5D66B00548A5C = {
						CreatedOnToolsVersion = 13.4.1;
						TestTargetID = CF2EB84528C5D66700548A5C;
					};
				};
			};
			buildConfigurationList = CF2EB84128C5D66700548A5C /* Build configuration list for PBXProject "fruits-graphql" */;
			compatibilityVersion = "Xcode 13.0";
			developmentRegion = en;
			hasScannedForEncodings = 0;
			knownRegions = (
				en,
				Base,
			);
			mainGroup = CF2EB83D28C5D66700548A5C;
			packageReferences = (
				CF2EB87928C5D75C00548A5C /* XCRemoteSwiftPackageReference "apollo-ios" */,
				CFBAB6E728C5FF0B00DED95C /* XCRemoteSwiftPackageReference "RxSwift" */,
				CF40764928C7A37D006A4BE0 /* XCRemoteSwiftPackageReference "TPKeyboardAvoiding" */,
				CFA382BD28C8814C00494CB6 /* XCRemoteSwiftPackageReference "mockingbird" */,
			);
			productRefGroup = CF2EB84728C5D66800548A5C /* Products */;
			projectDirPath = "";
			projectRoot = "";
			targets = (
				CF2EB84528C5D66700548A5C /* fruits-graphql */,
				CF2EB85B28C5D66B00548A5C /* fruits-graphqlTests */,
				CF2EB86528C5D66B00548A5C /* fruits-graphqlUITests */,
			);
		};
/* End PBXProject section */

/* Begin PBXResourcesBuildPhase section */
		CF2EB84428C5D66700548A5C /* Resources */ = {
			isa = PBXResourcesBuildPhase;
			buildActionMask = 2147483647;
			files = (
				CF2EB88828C5DDDC00548A5C /* FruitList.graphql in Resources */,
				CF2EB85628C5D66B00548A5C /* LaunchScreen.storyboard in Resources */,
				CFDC806328C6E6F1009A351A /* FruitDetail.graphql in Resources */,
				CF2EB85328C5D66B00548A5C /* Assets.xcassets in Resources */,
				CF710D7128D3059A007A9205 /* Detail.storyboard in Resources */,
				CF710D6D28D30007007A9205 /* Fruit.storyboard in Resources */,
			);
			runOnlyForDeploymentPostprocessing = 0;
		};
		CF2EB85A28C5D66B00548A5C /* Resources */ = {
			isa = PBXResourcesBuildPhase;
			buildActionMask = 2147483647;
			files = (
			);
			runOnlyForDeploymentPostprocessing = 0;
		};
		CF2EB86428C5D66B00548A5C /* Resources */ = {
			isa = PBXResourcesBuildPhase;
			buildActionMask = 2147483647;
			files = (
			);
			runOnlyForDeploymentPostprocessing = 0;
		};
/* End PBXResourcesBuildPhase section */

/* Begin PBXShellScriptBuildPhase section */
		552C8629F11C2059F972C028 /* Generate Mockingbird Mocks */ = {
			isa = PBXShellScriptBuildPhase;
			alwaysOutOfDate = 1;
			buildActionMask = 2147483647;
			files = (
			);
			inputPaths = (
			);
			name = "Generate Mockingbird Mocks";
			outputPaths = (
				"$(SRCROOT)/MockingbirdMocks/fruits_graphqlTests-fruits_graphqlMocks.generated.swift",
			);
			runOnlyForDeploymentPostprocessing = 0;
			shellPath = /bin/sh;
			shellScript = "set -eu\n\n# Prevent Xcode 13 from running this script while indexing.\n[[ \"${ACTION}\" == \"indexbuild\" ]] && exit 0\n\n# Infer the derived data location from the build environment.\n[[ -z \"${DERIVED_DATA+x}\" ]] && DERIVED_DATA=\"$(echo \"${BUILD_ROOT}\" | sed -n 's|\\(.*\\)/Build/.*|\\1|p')\"\n\n\"${DERIVED_DATA}/SourcePackages/checkouts/mockingbird/mockingbird\" generate --targets \"fruits-graphql\" --outputs \"${SRCROOT}/MockingbirdMocks/fruits_graphqlTests-fruits_graphqlMocks.generated.swift\"";
		};
		CF2EB87E28C5D79600548A5C /* Apollo */ = {
			isa = PBXShellScriptBuildPhase;
			buildActionMask = 2147483647;
			files = (
			);
			inputFileListPaths = (
			);
			inputPaths = (
			);
			name = Apollo;
			outputFileListPaths = (
			);
			outputPaths = (
			);
			runOnlyForDeploymentPostprocessing = 0;
			shellPath = /bin/sh;
			shellScript = "# Don't run this during index builds\nif [ $ACTION = \"indexbuild\" ]; then exit 0; fi\n\n# Go to the build root and search up the chain to find the Derived Data Path where the source packages are checked out.\nDERIVED_DATA_CANDIDATE=\"${BUILD_ROOT}\"\n\nwhile ! [ -d \"${DERIVED_DATA_CANDIDATE}/SourcePackages\" ]; do\n  if [ \"${DERIVED_DATA_CANDIDATE}\" = / ]; then\n    echo >&2 \"error: Unable to locate SourcePackages directory from BUILD_ROOT: '${BUILD_ROOT}'\"\n    exit 1\n  fi\n\n  DERIVED_DATA_CANDIDATE=\"$(dirname \"${DERIVED_DATA_CANDIDATE}\")\"\ndone\n\n# Grab a reference to the directory where scripts are checked out\nSCRIPT_PATH=\"${DERIVED_DATA_CANDIDATE}/SourcePackages/checkouts/apollo-ios/scripts\"\n\nif [ -z \"${SCRIPT_PATH}\" ]; then\n    echo >&2 \"error: Couldn't find the CLI script in your checked out SPM packages; make sure to add the framework to your project.\"\n    exit 1\nfi\n\ncd \"${SRCROOT}/${TARGET_NAME}\"\n\"${SCRIPT_PATH}\"/run-bundled-codegen.sh codegen:generate --target=swift --includes=./**/*.graphql --localSchemaFile=\"core/dataSource/schema.json\" core/dataSource/API.swift\n#\"${SCRIPT_PATH}\"/run-bundled-codegen.sh schema:download --endpoint=\"http://localhost:9000/graphql\"\n";
		};
/* End PBXShellScriptBuildPhase section */

/* Begin PBXSourcesBuildPhase section */
		CF2EB84228C5D66700548A5C /* Sources */ = {
			isa = PBXSourcesBuildPhase;
			buildActionMask = 2147483647;
			files = (
				CF2EB84E28C5D66800548A5C /* ViewController.swift in Sources */,
				CF2EB88D28C5DF5A00548A5C /* ApolloNetwork.swift in Sources */,
				CF710D6F28D3035E007A9205 /* UINavigationController+Ext.swift in Sources */,
				CF2EB84A28C5D66800548A5C /* AppDelegate.swift in Sources */,
				CF2EB8A528C5FA4700548A5C /* BaseErrorModel.swift in Sources */,
				CF710D6B28D2FDC8007A9205 /* Storyboard.swift in Sources */,
				CFDC806128C6E697009A351A /* FruitDetailMapper.swift in Sources */,
				CFDC806728C6F1BE009A351A /* FruitDetailRepositoryImpl.swift in Sources */,
				CFDC806928C6FE3C009A351A /* FruitDetailUseCase.swift in Sources */,
				CFDC805F28C6E26A009A351A /* FruitDetailModel.swift in Sources */,
				CFBAB6E128C5FC6F00DED95C /* FruitsUseCase.swift in Sources */,
				CF2EB89828C5E8E800548A5C /* FruitsRepositoryImpl.swift in Sources */,
				CFBAB6E328C5FD4500DED95C /* FruitsUseCaseImpl.swift in Sources */,
				CFDC806B28C6FE7A009A351A /* FruitDetailUseCaseImpl.swift in Sources */,
				CF1802A428C7B324004AF808 /* FruitInteractionViewModel.swift in Sources */,
				CFBAB6E628C5FE6000DED95C /* FruitsViewModel.swift in Sources */,
				CFDC806D28C6FFA1009A351A /* FruitDetailViewModel.swift in Sources */,
				CF2EB88A28C5DEF600548A5C /* API.swift in Sources */,
				CF2EB89B28C5E9B900548A5C /* FruitMapper.swift in Sources */,
				CF2EB89128C5E14100548A5C /* FruitModel.swift in Sources */,
				CF2A066C28C7657200E4433F /* AddFruitViewController.swift in Sources */,
				CF582C8228D83EDE00FD5ADD /* Injection.swift in Sources */,
				CF2A066628C7562900E4433F /* AddFruitParameter.swift in Sources */,
				CF2EB84C28C5D66800548A5C /* SceneDelegate.swift in Sources */,
				CFDC806528C6F0E6009A351A /* FruitDetailRepository.swift in Sources */,
				CFDC805D28C6E21C009A351A /* FruitDetailViewController.swift in Sources */,
				CFFE8C7528C74C30001F4729 /* FruitTableViewCell.swift in Sources */,
				CF2EB89628C5E88300548A5C /* FruitsRepository.swift in Sources */,
			);
			runOnlyForDeploymentPostprocessing = 0;
		};
		CF2EB85828C5D66B00548A5C /* Sources */ = {
			isa = PBXSourcesBuildPhase;
			buildActionMask = 2147483647;
			files = (
				CF9A869728C8C380005A2439 /* AddFruitViewModelTest.swift in Sources */,
				CF9A869428C88727005A2439 /* FruitsViewModelTest.swift in Sources */,
				CFA382C828C8849400494CB6 /* CommonHelper.swift in Sources */,
				CF2EB86128C5D66B00548A5C /* fruits_graphqlTests.swift in Sources */,
				CF9A869528C88775005A2439 /* FruitsUseCaseFactory.swift in Sources */,
				CFA382C528C883DD00494CB6 /* FruitsHelper.swift in Sources */,
				F0DEA7B041A3EC1015A8EB85 /* fruits_graphqlTests-fruits_graphqlMocks.generated.swift in Sources */,
			);
			runOnlyForDeploymentPostprocessing = 0;
		};
		CF2EB86228C5D66B00548A5C /* Sources */ = {
			isa = PBXSourcesBuildPhase;
			buildActionMask = 2147483647;
			files = (
				CF2EB86B28C5D66B00548A5C /* fruits_graphqlUITests.swift in Sources */,
				CF2EB86D28C5D66B00548A5C /* fruits_graphqlUITestsLaunchTests.swift in Sources */,
			);
			runOnlyForDeploymentPostprocessing = 0;
		};
/* End PBXSourcesBuildPhase section */

/* Begin PBXTargetDependency section */
		CF2EB85E28C5D66B00548A5C /* PBXTargetDependency */ = {
			isa = PBXTargetDependency;
			target = CF2EB84528C5D66700548A5C /* fruits-graphql */;
			targetProxy = CF2EB85D28C5D66B00548A5C /* PBXContainerItemProxy */;
		};
		CF2EB86828C5D66B00548A5C /* PBXTargetDependency */ = {
			isa = PBXTargetDependency;
			target = CF2EB84528C5D66700548A5C /* fruits-graphql */;
			targetProxy = CF2EB86728C5D66B00548A5C /* PBXContainerItemProxy */;
		};
/* End PBXTargetDependency section */

/* Begin PBXVariantGroup section */
		CF2EB85428C5D66B00548A5C /* LaunchScreen.storyboard */ = {
			isa = PBXVariantGroup;
			children = (
				CF2EB85528C5D66B00548A5C /* Base */,
			);
			name = LaunchScreen.storyboard;
			sourceTree = "<group>";
		};
/* End PBXVariantGroup section */

/* Begin XCBuildConfiguration section */
		CF2EB86E28C5D66B00548A5C /* Debug */ = {
			isa = XCBuildConfiguration;
			buildSettings = {
				ALWAYS_SEARCH_USER_PATHS = NO;
				CLANG_ANALYZER_NONNULL = YES;
				CLANG_ANALYZER_NUMBER_OBJECT_CONVERSION = YES_AGGRESSIVE;
				CLANG_CXX_LANGUAGE_STANDARD = "gnu++17";
				CLANG_ENABLE_MODULES = YES;
				CLANG_ENABLE_OBJC_ARC = YES;
				CLANG_ENABLE_OBJC_WEAK = YES;
				CLANG_WARN_BLOCK_CAPTURE_AUTORELEASING = YES;
				CLANG_WARN_BOOL_CONVERSION = YES;
				CLANG_WARN_COMMA = YES;
				CLANG_WARN_CONSTANT_CONVERSION = YES;
				CLANG_WARN_DEPRECATED_OBJC_IMPLEMENTATIONS = YES;
				CLANG_WARN_DIRECT_OBJC_ISA_USAGE = YES_ERROR;
				CLANG_WARN_DOCUMENTATION_COMMENTS = YES;
				CLANG_WARN_EMPTY_BODY = YES;
				CLANG_WARN_ENUM_CONVERSION = YES;
				CLANG_WARN_INFINITE_RECURSION = YES;
				CLANG_WARN_INT_CONVERSION = YES;
				CLANG_WARN_NON_LITERAL_NULL_CONVERSION = YES;
				CLANG_WARN_OBJC_IMPLICIT_RETAIN_SELF = YES;
				CLANG_WARN_OBJC_LITERAL_CONVERSION = YES;
				CLANG_WARN_OBJC_ROOT_CLASS = YES_ERROR;
				CLANG_WARN_QUOTED_INCLUDE_IN_FRAMEWORK_HEADER = YES;
				CLANG_WARN_RANGE_LOOP_ANALYSIS = YES;
				CLANG_WARN_STRICT_PROTOTYPES = YES;
				CLANG_WARN_SUSPICIOUS_MOVE = YES;
				CLANG_WARN_UNGUARDED_AVAILABILITY = YES_AGGRESSIVE;
				CLANG_WARN_UNREACHABLE_CODE = YES;
				CLANG_WARN__DUPLICATE_METHOD_MATCH = YES;
				COPY_PHASE_STRIP = NO;
				DEBUG_INFORMATION_FORMAT = dwarf;
				ENABLE_STRICT_OBJC_MSGSEND = YES;
				ENABLE_TESTABILITY = YES;
				GCC_C_LANGUAGE_STANDARD = gnu11;
				GCC_DYNAMIC_NO_PIC = NO;
				GCC_NO_COMMON_BLOCKS = YES;
				GCC_OPTIMIZATION_LEVEL = 0;
				GCC_PREPROCESSOR_DEFINITIONS = (
					"DEBUG=1",
					"$(inherited)",
				);
				GCC_WARN_64_TO_32_BIT_CONVERSION = YES;
				GCC_WARN_ABOUT_RETURN_TYPE = YES_ERROR;
				GCC_WARN_UNDECLARED_SELECTOR = YES;
				GCC_WARN_UNINITIALIZED_AUTOS = YES_AGGRESSIVE;
				GCC_WARN_UNUSED_FUNCTION = YES;
				GCC_WARN_UNUSED_VARIABLE = YES;
				IPHONEOS_DEPLOYMENT_TARGET = 15.5;
				MTL_ENABLE_DEBUG_INFO = INCLUDE_SOURCE;
				MTL_FAST_MATH = YES;
				ONLY_ACTIVE_ARCH = YES;
				SDKROOT = iphoneos;
				SWIFT_ACTIVE_COMPILATION_CONDITIONS = DEBUG;
				SWIFT_OPTIMIZATION_LEVEL = "-Onone";
			};
			name = Debug;
		};
		CF2EB86F28C5D66B00548A5C /* Release */ = {
			isa = XCBuildConfiguration;
			buildSettings = {
				ALWAYS_SEARCH_USER_PATHS = NO;
				CLANG_ANALYZER_NONNULL = YES;
				CLANG_ANALYZER_NUMBER_OBJECT_CONVERSION = YES_AGGRESSIVE;
				CLANG_CXX_LANGUAGE_STANDARD = "gnu++17";
				CLANG_ENABLE_MODULES = YES;
				CLANG_ENABLE_OBJC_ARC = YES;
				CLANG_ENABLE_OBJC_WEAK = YES;
				CLANG_WARN_BLOCK_CAPTURE_AUTORELEASING = YES;
				CLANG_WARN_BOOL_CONVERSION = YES;
				CLANG_WARN_COMMA = YES;
				CLANG_WARN_CONSTANT_CONVERSION = YES;
				CLANG_WARN_DEPRECATED_OBJC_IMPLEMENTATIONS = YES;
				CLANG_WARN_DIRECT_OBJC_ISA_USAGE = YES_ERROR;
				CLANG_WARN_DOCUMENTATION_COMMENTS = YES;
				CLANG_WARN_EMPTY_BODY = YES;
				CLANG_WARN_ENUM_CONVERSION = YES;
				CLANG_WARN_INFINITE_RECURSION = YES;
				CLANG_WARN_INT_CONVERSION = YES;
				CLANG_WARN_NON_LITERAL_NULL_CONVERSION = YES;
				CLANG_WARN_OBJC_IMPLICIT_RETAIN_SELF = YES;
				CLANG_WARN_OBJC_LITERAL_CONVERSION = YES;
				CLANG_WARN_OBJC_ROOT_CLASS = YES_ERROR;
				CLANG_WARN_QUOTED_INCLUDE_IN_FRAMEWORK_HEADER = YES;
				CLANG_WARN_RANGE_LOOP_ANALYSIS = YES;
				CLANG_WARN_STRICT_PROTOTYPES = YES;
				CLANG_WARN_SUSPICIOUS_MOVE = YES;
				CLANG_WARN_UNGUARDED_AVAILABILITY = YES_AGGRESSIVE;
				CLANG_WARN_UNREACHABLE_CODE = YES;
				CLANG_WARN__DUPLICATE_METHOD_MATCH = YES;
				COPY_PHASE_STRIP = NO;
				DEBUG_INFORMATION_FORMAT = "dwarf-with-dsym";
				ENABLE_NS_ASSERTIONS = NO;
				ENABLE_STRICT_OBJC_MSGSEND = YES;
				GCC_C_LANGUAGE_STANDARD = gnu11;
				GCC_NO_COMMON_BLOCKS = YES;
				GCC_WARN_64_TO_32_BIT_CONVERSION = YES;
				GCC_WARN_ABOUT_RETURN_TYPE = YES_ERROR;
				GCC_WARN_UNDECLARED_SELECTOR = YES;
				GCC_WARN_UNINITIALIZED_AUTOS = YES_AGGRESSIVE;
				GCC_WARN_UNUSED_FUNCTION = YES;
				GCC_WARN_UNUSED_VARIABLE = YES;
				IPHONEOS_DEPLOYMENT_TARGET = 15.5;
				MTL_ENABLE_DEBUG_INFO = NO;
				MTL_FAST_MATH = YES;
				SDKROOT = iphoneos;
				SWIFT_COMPILATION_MODE = wholemodule;
				SWIFT_OPTIMIZATION_LEVEL = "-O";
				VALIDATE_PRODUCT = YES;
			};
			name = Release;
		};
		CF2EB87128C5D66B00548A5C /* Debug */ = {
			isa = XCBuildConfiguration;
			buildSettings = {
				ASSETCATALOG_COMPILER_APPICON_NAME = AppIcon;
				ASSETCATALOG_COMPILER_GLOBAL_ACCENT_COLOR_NAME = AccentColor;
				CLANG_ENABLE_MODULES = YES;
				CODE_SIGN_STYLE = Automatic;
				CURRENT_PROJECT_VERSION = 1;
				DEVELOPMENT_TEAM = KRF6V32MMS;
				GENERATE_INFOPLIST_FILE = YES;
				INFOPLIST_FILE = "fruits-graphql/Info.plist";
				INFOPLIST_KEY_UIApplicationSupportsIndirectInputEvents = YES;
				INFOPLIST_KEY_UILaunchStoryboardName = LaunchScreen;
				INFOPLIST_KEY_UIMainStoryboardFile = Fruit;
				INFOPLIST_KEY_UISupportedInterfaceOrientations_iPad = "UIInterfaceOrientationPortrait UIInterfaceOrientationPortraitUpsideDown UIInterfaceOrientationLandscapeLeft UIInterfaceOrientationLandscapeRight";
				INFOPLIST_KEY_UISupportedInterfaceOrientations_iPhone = "UIInterfaceOrientationPortrait UIInterfaceOrientationLandscapeLeft UIInterfaceOrientationLandscapeRight";
				LD_RUNPATH_SEARCH_PATHS = (
					"$(inherited)",
					"@executable_path/Frameworks",
				);
				MARKETING_VERSION = 1.0;
				PRODUCT_BUNDLE_IDENTIFIER = "dev.agustiyan.fruits-graphql";
				PRODUCT_NAME = "$(TARGET_NAME)";
				SWIFT_EMIT_LOC_STRINGS = YES;
				SWIFT_OBJC_BRIDGING_HEADER = "";
				SWIFT_OPTIMIZATION_LEVEL = "-Onone";
				SWIFT_VERSION = 5.0;
				TARGETED_DEVICE_FAMILY = "1,2";
			};
			name = Debug;
		};
		CF2EB87228C5D66B00548A5C /* Release */ = {
			isa = XCBuildConfiguration;
			buildSettings = {
				ASSETCATALOG_COMPILER_APPICON_NAME = AppIcon;
				ASSETCATALOG_COMPILER_GLOBAL_ACCENT_COLOR_NAME = AccentColor;
				CLANG_ENABLE_MODULES = YES;
				CODE_SIGN_STYLE = Automatic;
				CURRENT_PROJECT_VERSION = 1;
				DEVELOPMENT_TEAM = KRF6V32MMS;
				GENERATE_INFOPLIST_FILE = YES;
				INFOPLIST_FILE = "fruits-graphql/Info.plist";
				INFOPLIST_KEY_UIApplicationSupportsIndirectInputEvents = YES;
				INFOPLIST_KEY_UILaunchStoryboardName = LaunchScreen;
				INFOPLIST_KEY_UIMainStoryboardFile = Fruit;
				INFOPLIST_KEY_UISupportedInterfaceOrientations_iPad = "UIInterfaceOrientationPortrait UIInterfaceOrientationPortraitUpsideDown UIInterfaceOrientationLandscapeLeft UIInterfaceOrientationLandscapeRight";
				INFOPLIST_KEY_UISupportedInterfaceOrientations_iPhone = "UIInterfaceOrientationPortrait UIInterfaceOrientationLandscapeLeft UIInterfaceOrientationLandscapeRight";
				LD_RUNPATH_SEARCH_PATHS = (
					"$(inherited)",
					"@executable_path/Frameworks",
				);
				MARKETING_VERSION = 1.0;
				PRODUCT_BUNDLE_IDENTIFIER = "dev.agustiyan.fruits-graphql";
				PRODUCT_NAME = "$(TARGET_NAME)";
				SWIFT_EMIT_LOC_STRINGS = YES;
				SWIFT_OBJC_BRIDGING_HEADER = "";
				SWIFT_VERSION = 5.0;
				TARGETED_DEVICE_FAMILY = "1,2";
			};
			name = Release;
		};
		CF2EB87428C5D66B00548A5C /* Debug */ = {
			isa = XCBuildConfiguration;
			buildSettings = {
				ALWAYS_EMBED_SWIFT_STANDARD_LIBRARIES = YES;
				BUNDLE_LOADER = "$(TEST_HOST)";
				CODE_SIGN_STYLE = Automatic;
				CURRENT_PROJECT_VERSION = 1;
				DEVELOPMENT_TEAM = KRF6V32MMS;
				GENERATE_INFOPLIST_FILE = YES;
				IPHONEOS_DEPLOYMENT_TARGET = 15.5;
				MARKETING_VERSION = 1.0;
				PRODUCT_BUNDLE_IDENTIFIER = "dev.agustiyan.fruits-graphqlTests";
				PRODUCT_NAME = "$(TARGET_NAME)";
				SWIFT_EMIT_LOC_STRINGS = NO;
				SWIFT_VERSION = 5.0;
				TARGETED_DEVICE_FAMILY = "1,2";
				TEST_HOST = "$(BUILT_PRODUCTS_DIR)/fruits-graphql.app/fruits-graphql";
			};
			name = Debug;
		};
		CF2EB87528C5D66B00548A5C /* Release */ = {
			isa = XCBuildConfiguration;
			buildSettings = {
				ALWAYS_EMBED_SWIFT_STANDARD_LIBRARIES = YES;
				BUNDLE_LOADER = "$(TEST_HOST)";
				CODE_SIGN_STYLE = Automatic;
				CURRENT_PROJECT_VERSION = 1;
				DEVELOPMENT_TEAM = KRF6V32MMS;
				GENERATE_INFOPLIST_FILE = YES;
				IPHONEOS_DEPLOYMENT_TARGET = 15.5;
				MARKETING_VERSION = 1.0;
				PRODUCT_BUNDLE_IDENTIFIER = "dev.agustiyan.fruits-graphqlTests";
				PRODUCT_NAME = "$(TARGET_NAME)";
				SWIFT_EMIT_LOC_STRINGS = NO;
				SWIFT_VERSION = 5.0;
				TARGETED_DEVICE_FAMILY = "1,2";
				TEST_HOST = "$(BUILT_PRODUCTS_DIR)/fruits-graphql.app/fruits-graphql";
			};
			name = Release;
		};
		CF2EB87728C5D66B00548A5C /* Debug */ = {
			isa = XCBuildConfiguration;
			buildSettings = {
				ALWAYS_EMBED_SWIFT_STANDARD_LIBRARIES = YES;
				CODE_SIGN_STYLE = Automatic;
				CURRENT_PROJECT_VERSION = 1;
				DEVELOPMENT_TEAM = KRF6V32MMS;
				GENERATE_INFOPLIST_FILE = YES;
				MARKETING_VERSION = 1.0;
				PRODUCT_BUNDLE_IDENTIFIER = "dev.agustiyan.fruits-graphqlUITests";
				PRODUCT_NAME = "$(TARGET_NAME)";
				SWIFT_EMIT_LOC_STRINGS = NO;
				SWIFT_VERSION = 5.0;
				TARGETED_DEVICE_FAMILY = "1,2";
				TEST_TARGET_NAME = "fruits-graphql";
			};
			name = Debug;
		};
		CF2EB87828C5D66B00548A5C /* Release */ = {
			isa = XCBuildConfiguration;
			buildSettings = {
				ALWAYS_EMBED_SWIFT_STANDARD_LIBRARIES = YES;
				CODE_SIGN_STYLE = Automatic;
				CURRENT_PROJECT_VERSION = 1;
				DEVELOPMENT_TEAM = KRF6V32MMS;
				GENERATE_INFOPLIST_FILE = YES;
				MARKETING_VERSION = 1.0;
				PRODUCT_BUNDLE_IDENTIFIER = "dev.agustiyan.fruits-graphqlUITests";
				PRODUCT_NAME = "$(TARGET_NAME)";
				SWIFT_EMIT_LOC_STRINGS = NO;
				SWIFT_VERSION = 5.0;
				TARGETED_DEVICE_FAMILY = "1,2";
				TEST_TARGET_NAME = "fruits-graphql";
			};
			name = Release;
		};
/* End XCBuildConfiguration section */

/* Begin XCConfigurationList section */
		CF2EB84128C5D66700548A5C /* Build configuration list for PBXProject "fruits-graphql" */ = {
			isa = XCConfigurationList;
			buildConfigurations = (
				CF2EB86E28C5D66B00548A5C /* Debug */,
				CF2EB86F28C5D66B00548A5C /* Release */,
			);
			defaultConfigurationIsVisible = 0;
			defaultConfigurationName = Release;
		};
		CF2EB87028C5D66B00548A5C /* Build configuration list for PBXNativeTarget "fruits-graphql" */ = {
			isa = XCConfigurationList;
			buildConfigurations = (
				CF2EB87128C5D66B00548A5C /* Debug */,
				CF2EB87228C5D66B00548A5C /* Release */,
			);
			defaultConfigurationIsVisible = 0;
			defaultConfigurationName = Release;
		};
		CF2EB87328C5D66B00548A5C /* Build configuration list for PBXNativeTarget "fruits-graphqlTests" */ = {
			isa = XCConfigurationList;
			buildConfigurations = (
				CF2EB87428C5D66B00548A5C /* Debug */,
				CF2EB87528C5D66B00548A5C /* Release */,
			);
			defaultConfigurationIsVisible = 0;
			defaultConfigurationName = Release;
		};
		CF2EB87628C5D66B00548A5C /* Build configuration list for PBXNativeTarget "fruits-graphqlUITests" */ = {
			isa = XCConfigurationList;
			buildConfigurations = (
				CF2EB87728C5D66B00548A5C /* Debug */,
				CF2EB87828C5D66B00548A5C /* Release */,
			);
			defaultConfigurationIsVisible = 0;
			defaultConfigurationName = Release;
		};
/* End XCConfigurationList section */

/* Begin XCRemoteSwiftPackageReference section */
		CF2EB87928C5D75C00548A5C /* XCRemoteSwiftPackageReference "apollo-ios" */ = {
			isa = XCRemoteSwiftPackageReference;
			repositoryURL = "https://github.com/apollographql/apollo-ios.git";
			requirement = {
				branch = main;
				kind = branch;
			};
		};
		CF40764928C7A37D006A4BE0 /* XCRemoteSwiftPackageReference "TPKeyboardAvoiding" */ = {
			isa = XCRemoteSwiftPackageReference;
			repositoryURL = "https://github.com/michaeltyson/TPKeyboardAvoiding";
			requirement = {
				kind = upToNextMajorVersion;
				minimumVersion = 1.0.0;
			};
		};
		CFA382BD28C8814C00494CB6 /* XCRemoteSwiftPackageReference "mockingbird" */ = {
			isa = XCRemoteSwiftPackageReference;
			repositoryURL = "https://github.com/birdrides/mockingbird";
			requirement = {
				kind = upToNextMinorVersion;
				minimumVersion = 0.20.0;
			};
		};
		CFBAB6E728C5FF0B00DED95C /* XCRemoteSwiftPackageReference "RxSwift" */ = {
			isa = XCRemoteSwiftPackageReference;
			repositoryURL = "https://github.com/ReactiveX/RxSwift";
			requirement = {
				kind = upToNextMajorVersion;
				minimumVersion = 6.0.0;
			};
		};
/* End XCRemoteSwiftPackageReference section */

/* Begin XCSwiftPackageProductDependency section */
		CF2EB87A28C5D75C00548A5C /* Apollo */ = {
			isa = XCSwiftPackageProductDependency;
			package = CF2EB87928C5D75C00548A5C /* XCRemoteSwiftPackageReference "apollo-ios" */;
			productName = Apollo;
		};
		CF2EB87C28C5D75C00548A5C /* ApolloWebSocket */ = {
			isa = XCSwiftPackageProductDependency;
			package = CF2EB87928C5D75C00548A5C /* XCRemoteSwiftPackageReference "apollo-ios" */;
			productName = ApolloWebSocket;
		};
		CF40764A28C7A37D006A4BE0 /* TPKeyboardAvoiding */ = {
			isa = XCSwiftPackageProductDependency;
			package = CF40764928C7A37D006A4BE0 /* XCRemoteSwiftPackageReference "TPKeyboardAvoiding" */;
			productName = TPKeyboardAvoiding;
		};
		CFA382BE28C8814C00494CB6 /* Mockingbird */ = {
			isa = XCSwiftPackageProductDependency;
			package = CFA382BD28C8814C00494CB6 /* XCRemoteSwiftPackageReference "mockingbird" */;
			productName = Mockingbird;
		};
		CFBAB6E828C5FF0C00DED95C /* RxCocoa */ = {
			isa = XCSwiftPackageProductDependency;
			package = CFBAB6E728C5FF0B00DED95C /* XCRemoteSwiftPackageReference "RxSwift" */;
			productName = RxCocoa;
		};
		CFBAB6EA28C5FF0C00DED95C /* RxSwift */ = {
			isa = XCSwiftPackageProductDependency;
			package = CFBAB6E728C5FF0B00DED95C /* XCRemoteSwiftPackageReference "RxSwift" */;
			productName = RxSwift;
		};
/* End XCSwiftPackageProductDependency section */
	};
	rootObject = CF2EB83E28C5D66700548A5C /* Project object */;
}
