{"projectHash":"da6d9926a3a5df06f9ee8ea3f030765493f3fd93","productModuleName":"fruits_graphqlTests","mockedTypeNames":["\/Users\/agustiyansyahsyam\/Documents\/Learn\/fruits-graphql\/fruits-graphqlTests\/domain\/fruits\/viewModel\/AddFruitViewModelTest.swift",[],"\/Users\/agustiyansyahsyam\/Documents\/Learn\/fruits-graphql\/fruits-graphqlTests\/fruits_graphqlTests.swift",[],"\/Users\/agustiyansyahsyam\/Documents\/Learn\/fruits-graphql\/fruits-graphqlTests\/domain\/fruits\/mock\/FruitsHelper.swift",[],"\/Users\/agustiyansyahsyam\/Documents\/Learn\/fruits-graphql\/fruits-graphqlTests\/common\/CommonHelper.swift",[],"\/Users\/agustiyansyahsyam\/Documents\/Learn\/fruits-graphql\/fruits-graphqlTests\/domain\/fruits\/mock\/FruitsUseCaseFactory.swift",["FruitsUseCase"],"\/Users\/agustiyansyahsyam\/Documents\/Learn\/fruits-graphql\/fruits-graphqlTests\/domain\/fruits\/viewModel\/FruitsViewModelTest.swift",[]],"cliVersion":"0.20.0","sourceFilePaths":[{"path":"\/Users\/agustiyansyahsyam\/Documents\/Learn\/fruits-graphql\/MockingbirdMocks\/fruits_graphqlTests-fruits_graphqlMocks.generated.swift","hash":"c3c82bda397fb743d31429cc22faaa6dcb6149de"},{"path":"\/Users\/agustiyansyahsyam\/Documents\/Learn\/fruits-graphql\/fruits-graphqlTests\/common\/CommonHelper.swift","hash":"08501adb7a0a9306ecf66f7dea290c8f28fe8cfd"},{"path":"\/Users\/agustiyansyahsyam\/Documents\/Learn\/fruits-graphql\/fruits-graphqlTests\/domain\/fruits\/mock\/FruitsHelper.swift","hash":"a7b8a3790ba0842460e8dbdf78403bd0733d7def"},{"path":"\/Users\/agustiyansyahsyam\/Documents\/Learn\/fruits-graphql\/fruits-graphqlTests\/domain\/fruits\/mock\/FruitsUseCaseFactory.swift","hash":"ad189f53e63b08d18d0808cc351b220c91e5a63a"},{"path":"\/Users\/agustiyansyahsyam\/Documents\/Learn\/fruits-graphql\/fruits-graphqlTests\/domain\/fruits\/viewModel\/AddFruitViewModelTest.swift","hash":"ca01f6caf07b011d44cf5e9cdd66e91c550fec2a"},{"path":"\/Users\/agustiyansyahsyam\/Documents\/Learn\/fruits-graphql\/fruits-graphqlTests\/domain\/fruits\/viewModel\/FruitsViewModelTest.swift","hash":"da0045e5c8bb354956600b9255d4c2c0940a0d8e"},{"path":"\/Users\/agustiyansyahsyam\/Documents\/Learn\/fruits-graphql\/fruits-graphqlTests\/fruits_graphqlTests.swift","hash":"03a689edc4d00ba299d34c5a28895d6f2a16a001"}],"sourceRoot":"\/Users\/agustiyansyahsyam\/Documents\/Learn\/fruits-graphql","dependencies":[],"name":"fruits-graphqlTests"}