{"projectHash":"1394a4cff17e6182b53ba3c7956f5dbfacc2d3ec","productModuleName":"fruits_graphqlTests","mockedTypeNames":["\/Users\/agustiyansyahsyam\/Documents\/Learn\/fruits-graphql\/fruits-graphqlTests\/fruits_graphqlTests.swift",[],"\/Users\/agustiyansyahsyam\/Documents\/Learn\/fruits-graphql\/fruits-graphqlTests\/domain\/fruits\/viewModel\/FruitsViewModelTest.swift",[],"\/Users\/agustiyansyahsyam\/Documents\/Learn\/fruits-graphql\/fruits-graphqlTests\/common\/CommonHelper.swift",[],"\/Users\/agustiyansyahsyam\/Documents\/Learn\/fruits-graphql\/fruits-graphqlTests\/domain\/fruits\/mock\/FruitsHelper.swift",[],"\/Users\/agustiyansyahsyam\/Documents\/Learn\/fruits-graphql\/fruits-graphqlTests\/domain\/fruits\/mock\/FruitsUseCaseFactory.swift",["FruitsUseCase"]],"cliVersion":"0.20.0","sourceFilePaths":[{"path":"\/Users\/agustiyansyahsyam\/Documents\/Learn\/fruits-graphql\/MockingbirdMocks\/fruits_graphqlTests-fruits_graphqlMocks.generated.swift","hash":"c3c82bda397fb743d31429cc22faaa6dcb6149de"},{"path":"\/Users\/agustiyansyahsyam\/Documents\/Learn\/fruits-graphql\/fruits-graphqlTests\/common\/CommonHelper.swift","hash":"08501adb7a0a9306ecf66f7dea290c8f28fe8cfd"},{"path":"\/Users\/agustiyansyahsyam\/Documents\/Learn\/fruits-graphql\/fruits-graphqlTests\/domain\/fruits\/mock\/FruitsHelper.swift","hash":"a7b8a3790ba0842460e8dbdf78403bd0733d7def"},{"path":"\/Users\/agustiyansyahsyam\/Documents\/Learn\/fruits-graphql\/fruits-graphqlTests\/domain\/fruits\/mock\/FruitsUseCaseFactory.swift","hash":"4e609ed7177441effe192c43eefdde8bcd7a3000"},{"path":"\/Users\/agustiyansyahsyam\/Documents\/Learn\/fruits-graphql\/fruits-graphqlTests\/domain\/fruits\/viewModel\/FruitsViewModelTest.swift","hash":"da0045e5c8bb354956600b9255d4c2c0940a0d8e"},{"path":"\/Users\/agustiyansyahsyam\/Documents\/Learn\/fruits-graphql\/fruits-graphqlTests\/fruits_graphqlTests.swift","hash":"03a689edc4d00ba299d34c5a28895d6f2a16a001"}],"sourceRoot":"\/Users\/agustiyansyahsyam\/Documents\/Learn\/fruits-graphql","dependencies":[],"name":"fruits-graphqlTests"}