{"cliVersion":"0.20.0","productModuleName":"fruits_graphql","sourceFilePaths":[{"path":"\/Users\/agustiyansyahsyam\/Documents\/Learn\/fruits-graphql\/fruits-graphql\/AppDelegate.swift","hash":"9d4a44c463910f5c626bc03db51b7cc33927cdde"},{"path":"\/Users\/agustiyansyahsyam\/Documents\/Learn\/fruits-graphql\/fruits-graphql\/SceneDelegate.swift","hash":"7b824c0dd47be932d61256fec6ece95b810bdf2f"},{"path":"\/Users\/agustiyansyahsyam\/Documents\/Learn\/fruits-graphql\/fruits-graphql\/core\/dataSource\/API.swift","hash":"f6639a29d517a8b076db6b5cf043855f2faba50a"},{"path":"\/Users\/agustiyansyahsyam\/Documents\/Learn\/fruits-graphql\/fruits-graphql\/core\/di\/Container+Ext.swift","hash":"198eb1cdd84c39da9485ca55c9cdc6e5ad0966b5"},{"path":"\/Users\/agustiyansyahsyam\/Documents\/Learn\/fruits-graphql\/fruits-graphql\/core\/di\/SwinjectStoryboard+Extension.swift","hash":"bfe08a16813d63f8a078dbcc6e1267f97c955038"},{"path":"\/Users\/agustiyansyahsyam\/Documents\/Learn\/fruits-graphql\/fruits-graphql\/core\/network\/ApolloNetwork.swift","hash":"3a948c10daac2292697e242c98bc037731f0b94e"},{"path":"\/Users\/agustiyansyahsyam\/Documents\/Learn\/fruits-graphql\/fruits-graphql\/core\/utilities\/Storyboard.swift","hash":"3ab0a6c19200d62abe90d1c3424f05f79e86fad4"},{"path":"\/Users\/agustiyansyahsyam\/Documents\/Learn\/fruits-graphql\/fruits-graphql\/core\/utilities\/UINavigationController+Ext.swift","hash":"b720cbaf301761255b09f0c35d38ea907a5dbde8"},{"path":"\/Users\/agustiyansyahsyam\/Documents\/Learn\/fruits-graphql\/fruits-graphql\/domain\/common\/model\/BaseErrorModel.swift","hash":"5f0d2ce1450db4d2522c3ac1c77c891126ded4d3"},{"path":"\/Users\/agustiyansyahsyam\/Documents\/Learn\/fruits-graphql\/fruits-graphql\/domain\/detail\/mapper\/FruitDetailMapper.swift","hash":"357560eb430566d29001dcaaa54331347f3e9c6c"},{"path":"\/Users\/agustiyansyahsyam\/Documents\/Learn\/fruits-graphql\/fruits-graphql\/domain\/detail\/model\/FruitDetailModel.swift","hash":"1509659bab688506ab42ffebe00f474f35e81b10"},{"path":"\/Users\/agustiyansyahsyam\/Documents\/Learn\/fruits-graphql\/fruits-graphql\/domain\/detail\/repository\/FruitDetailRepository.swift","hash":"c085759341ed133a577a2b9630d74d83c8b7a9b4"},{"path":"\/Users\/agustiyansyahsyam\/Documents\/Learn\/fruits-graphql\/fruits-graphql\/domain\/detail\/repository\/FruitDetailRepositoryImpl.swift","hash":"b105759e210191c995760a240f0fcde2543d9f9e"},{"path":"\/Users\/agustiyansyahsyam\/Documents\/Learn\/fruits-graphql\/fruits-graphql\/domain\/detail\/useCase\/FruitDetailUseCase.swift","hash":"0eb03c7c2de7d9eb2b4293711dc9811ef958087e"},{"path":"\/Users\/agustiyansyahsyam\/Documents\/Learn\/fruits-graphql\/fruits-graphql\/domain\/detail\/useCase\/FruitDetailUseCaseImpl.swift","hash":"33d861a7386ca3939e7af8461f8564363f96d898"},{"path":"\/Users\/agustiyansyahsyam\/Documents\/Learn\/fruits-graphql\/fruits-graphql\/domain\/detail\/view\/DetailFruitXibViewController.swift","hash":"d5a695159d795b0b57941fa301f7748aad4dbba9"},{"path":"\/Users\/agustiyansyahsyam\/Documents\/Learn\/fruits-graphql\/fruits-graphql\/domain\/detail\/view\/FruitDetailViewController.swift","hash":"128e5eb2693ddf103960e9c709fa2982141af0b3"},{"path":"\/Users\/agustiyansyahsyam\/Documents\/Learn\/fruits-graphql\/fruits-graphql\/domain\/detail\/viewModel\/FruitDetailViewModel.swift","hash":"ea7f1287e1ceba47884c923d4742f02f027888e1"},{"path":"\/Users\/agustiyansyahsyam\/Documents\/Learn\/fruits-graphql\/fruits-graphql\/domain\/fruits\/mapper\/FruitMapper.swift","hash":"df70302dea54c0c04612898594dbf344618a1a38"},{"path":"\/Users\/agustiyansyahsyam\/Documents\/Learn\/fruits-graphql\/fruits-graphql\/domain\/fruits\/model\/AddFruitParameter.swift","hash":"cc5f05a704e5e565c9670a04efceb04ac2c80957"},{"path":"\/Users\/agustiyansyahsyam\/Documents\/Learn\/fruits-graphql\/fruits-graphql\/domain\/fruits\/model\/FruitModel.swift","hash":"8974b5142d57185cef57d792d42c4bcdb73cb8b6"},{"path":"\/Users\/agustiyansyahsyam\/Documents\/Learn\/fruits-graphql\/fruits-graphql\/domain\/fruits\/repository\/FruitsRepository.swift","hash":"20081cf05146997c3add26766cee4578973487a5"},{"path":"\/Users\/agustiyansyahsyam\/Documents\/Learn\/fruits-graphql\/fruits-graphql\/domain\/fruits\/repository\/FruitsRepositoryImpl.swift","hash":"089f690ac79644d9d99a46a1a4fae7542809b618"},{"path":"\/Users\/agustiyansyahsyam\/Documents\/Learn\/fruits-graphql\/fruits-graphql\/domain\/fruits\/useCase\/FruitsUseCase.swift","hash":"13e900eb337c57d96068cb43c0f84a65928021ce"},{"path":"\/Users\/agustiyansyahsyam\/Documents\/Learn\/fruits-graphql\/fruits-graphql\/domain\/fruits\/useCase\/FruitsUseCaseImpl.swift","hash":"64767b197591204acd517cc135bf24784e7a0e0d"},{"path":"\/Users\/agustiyansyahsyam\/Documents\/Learn\/fruits-graphql\/fruits-graphql\/domain\/fruits\/view\/AddFruitViewController.swift","hash":"25daa979e473d2dfff9e02cf278b93289a766cd3"},{"path":"\/Users\/agustiyansyahsyam\/Documents\/Learn\/fruits-graphql\/fruits-graphql\/domain\/fruits\/view\/FruitTableViewCell.swift","hash":"954a9fe4fc74acaa17bc00bfd91c73a8494cf428"},{"path":"\/Users\/agustiyansyahsyam\/Documents\/Learn\/fruits-graphql\/fruits-graphql\/domain\/fruits\/view\/ViewController.swift","hash":"bceaebbb34f72776d933873a6916048529692de4"},{"path":"\/Users\/agustiyansyahsyam\/Documents\/Learn\/fruits-graphql\/fruits-graphql\/domain\/fruits\/viewModel\/FruitInteractionViewModel.swift","hash":"a4a95f126fda53cb739b640556cba58c24ef0c44"},{"path":"\/Users\/agustiyansyahsyam\/Documents\/Learn\/fruits-graphql\/fruits-graphql\/domain\/fruits\/viewModel\/FruitsViewModel.swift","hash":"2d43dc2cc1a8a94f7b51dfa6e51b688a413cfaf0"}],"configHash":"275056a4b3d1bde1d9693d07819daf3495c7d72e","dependencyPathsHash":"f3f5191d09d29d6b94ba6d4821c6572f253dec7d","targetPathsHash":"562ae98e4171da333e8c0d3a8767e41f9723f75a","mockedTypesHash":"c88e5fdd30492b88ec6159c1ee0c2c9a5ed4cb8a","outputHash":"f7d7075fbc0151cd61dec3307eecc135290b08df","dependencies":[],"sourceRoot":"\/Users\/agustiyansyahsyam\/Documents\/Learn\/fruits-graphql","supportingFilePaths":[{"path":"\/Users\/agustiyansyahsyam\/Documents\/Learn\/fruits-graphql\/MockingbirdSupport\/AppKit\/NSResponder.swift","hash":"21296949c6d570892c8665a450e62c234c938790"},{"path":"\/Users\/agustiyansyahsyam\/Documents\/Learn\/fruits-graphql\/MockingbirdSupport\/AppKit\/NSView.swift","hash":"85b3183be144012a7e105e292426c3d9f8966072"},{"path":"\/Users\/agustiyansyahsyam\/Documents\/Learn\/fruits-graphql\/MockingbirdSupport\/AppKit\/NSViewController.swift","hash":"d8785e8a119f2723c8840534df0ad8ac61409797"},{"path":"\/Users\/agustiyansyahsyam\/Documents\/Learn\/fruits-graphql\/MockingbirdSupport\/Foundation\/ObjectiveC\/NSObject.swift","hash":"cf466772b8c2d80d31f34b93b501b398fbb8854d"},{"path":"\/Users\/agustiyansyahsyam\/Documents\/Learn\/fruits-graphql\/MockingbirdSupport\/Foundation\/ObjectiveC\/NSObject.swift","hash":"cf466772b8c2d80d31f34b93b501b398fbb8854d"},{"path":"\/Users\/agustiyansyahsyam\/Documents\/Learn\/fruits-graphql\/MockingbirdSupport\/Swift\/Codable.swift","hash":"57675d8b36a2db7b093b3542bd3225a88992c3bc"},{"path":"\/Users\/agustiyansyahsyam\/Documents\/Learn\/fruits-graphql\/MockingbirdSupport\/Swift\/Comparable.swift","hash":"d0d110744eeaf2f8fdd2f8a41df3452f35286bb7"},{"path":"\/Users\/agustiyansyahsyam\/Documents\/Learn\/fruits-graphql\/MockingbirdSupport\/Swift\/Equatable.swift","hash":"2e7674f4e23a5ab7aef45b91b63c0ed5934c3b83"},{"path":"\/Users\/agustiyansyahsyam\/Documents\/Learn\/fruits-graphql\/MockingbirdSupport\/Swift\/Hashable.swift","hash":"f59ec249aa03e312f2bda7c3b397c0dccd880a21"},{"path":"\/Users\/agustiyansyahsyam\/Documents\/Learn\/fruits-graphql\/MockingbirdSupport\/Swift\/Misc.swift","hash":"c139249ec5799f1ec64c3d9e7d8c1f286b894035"},{"path":"\/Users\/agustiyansyahsyam\/Documents\/Learn\/fruits-graphql\/MockingbirdSupport\/UIKit\/UIControl.swift","hash":"9363a4c38002598dbbc1198f16fe7198b8151d24"},{"path":"\/Users\/agustiyansyahsyam\/Documents\/Learn\/fruits-graphql\/MockingbirdSupport\/UIKit\/UILabel.swift","hash":"e26a734695bfe008598ed0d8c936683db78f40ac"},{"path":"\/Users\/agustiyansyahsyam\/Documents\/Learn\/fruits-graphql\/MockingbirdSupport\/UIKit\/UIView.swift","hash":"10e6b03a9c5a76f720c17fcb82af82ff66994926"},{"path":"\/Users\/agustiyansyahsyam\/Documents\/Learn\/fruits-graphql\/MockingbirdSupport\/UIKit\/UIViewController.swift","hash":"bbd8980a22029f339b0e8746124fd06d94730570"}],"name":"fruits-graphql","projectHash":"1771b81dad88d6ee1d7c629ed4521b17bef25cb2"}