{"projectHash":"da6d9926a3a5df06f9ee8ea3f030765493f3fd93","productModuleName":"fruits_graphqlTests","mockedTypeNames":["\/Users\/agustiyansyahsyam\/Documents\/Learn\/fruits-graphql\/fruits-graphqlTests\/domain\/fruits\/mock\/FruitsHelper.swift",[],"\/Users\/agustiyansyahsyam\/Documents\/Learn\/fruits-graphql\/fruits-graphqlTests\/domain\/fruits\/viewModel\/FruitsViewModelTest.swift",[],"\/Users\/agustiyansyahsyam\/Documents\/Learn\/fruits-graphql\/fruits-graphqlTests\/fruits_graphqlTests.swift",[],"\/Users\/agustiyansyahsyam\/Documents\/Learn\/fruits-graphql\/fruits-graphqlTests\/domain\/fruits\/mock\/FruitsUseCaseFactory.swift",["FruitsUseCase"],"\/Users\/agustiyansyahsyam\/Documents\/Learn\/fruits-graphql\/fruits-graphqlTests\/domain\/fruits\/viewModel\/AddFruitViewModelTest.swift",[],"\/Users\/agustiyansyahsyam\/Documents\/Learn\/fruits-graphql\/fruits-graphqlTests\/common\/CommonHelper.swift",[]],"cliVersion":"0.20.0","sourceFilePaths":[{"path":"\/Users\/agustiyansyahsyam\/Documents\/Learn\/fruits-graphql\/MockingbirdMocks\/fruits_graphqlTests-fruits_graphqlMocks.generated.swift","hash":"8f95fc452fda7868e1d2175d41ce5673a7df7dc2"},{"path":"\/Users\/agustiyansyahsyam\/Documents\/Learn\/fruits-graphql\/fruits-graphqlTests\/common\/CommonHelper.swift","hash":"08501adb7a0a9306ecf66f7dea290c8f28fe8cfd"},{"path":"\/Users\/agustiyansyahsyam\/Documents\/Learn\/fruits-graphql\/fruits-graphqlTests\/domain\/fruits\/mock\/FruitsHelper.swift","hash":"001a5b7022c6d7f660b9fd7079bbc5bf00cf6a23"},{"path":"\/Users\/agustiyansyahsyam\/Documents\/Learn\/fruits-graphql\/fruits-graphqlTests\/domain\/fruits\/mock\/FruitsUseCaseFactory.swift","hash":"4627aff12c642d6806f419e8d834e4b3a6e7bcda"},{"path":"\/Users\/agustiyansyahsyam\/Documents\/Learn\/fruits-graphql\/fruits-graphqlTests\/domain\/fruits\/viewModel\/AddFruitViewModelTest.swift","hash":"4d9d6519eda881a20005bc263477e029c677f1d6"},{"path":"\/Users\/agustiyansyahsyam\/Documents\/Learn\/fruits-graphql\/fruits-graphqlTests\/domain\/fruits\/viewModel\/FruitsViewModelTest.swift","hash":"276eb3b760262f45378d617b68cd7ab8b1626c88"},{"path":"\/Users\/agustiyansyahsyam\/Documents\/Learn\/fruits-graphql\/fruits-graphqlTests\/fruits_graphqlTests.swift","hash":"03a689edc4d00ba299d34c5a28895d6f2a16a001"}],"sourceRoot":"\/Users\/agustiyansyahsyam\/Documents\/Learn\/fruits-graphql","dependencies":[],"name":"fruits-graphqlTests"}