{"cliVersion":"0.20.0","productModuleName":"fruits_graphql","sourceFilePaths":[{"path":"\/Users\/agustiyansyahsyam\/Documents\/Learn\/fruits-graphql\/fruits-graphql\/AppDelegate.swift","hash":"9d4a44c463910f5c626bc03db51b7cc33927cdde"},{"path":"\/Users\/agustiyansyahsyam\/Documents\/Learn\/fruits-graphql\/fruits-graphql\/SceneDelegate.swift","hash":"4926b5bca868a26b66ede40a0d69fccb35af16c8"},{"path":"\/Users\/agustiyansyahsyam\/Documents\/Learn\/fruits-graphql\/fruits-graphql\/core\/dataSource\/API.swift","hash":"f6639a29d517a8b076db6b5cf043855f2faba50a"},{"path":"\/Users\/agustiyansyahsyam\/Documents\/Learn\/fruits-graphql\/fruits-graphql\/core\/network\/ApolloNetwork.swift","hash":"3a948c10daac2292697e242c98bc037731f0b94e"},{"path":"\/Users\/agustiyansyahsyam\/Documents\/Learn\/fruits-graphql\/fruits-graphql\/domain\/common\/model\/BaseErrorModel.swift","hash":"5f0d2ce1450db4d2522c3ac1c77c891126ded4d3"},{"path":"\/Users\/agustiyansyahsyam\/Documents\/Learn\/fruits-graphql\/fruits-graphql\/domain\/detail\/mapper\/FruitDetailMapper.swift","hash":"357560eb430566d29001dcaaa54331347f3e9c6c"},{"path":"\/Users\/agustiyansyahsyam\/Documents\/Learn\/fruits-graphql\/fruits-graphql\/domain\/detail\/model\/FruitDetailModel.swift","hash":"1509659bab688506ab42ffebe00f474f35e81b10"},{"path":"\/Users\/agustiyansyahsyam\/Documents\/Learn\/fruits-graphql\/fruits-graphql\/domain\/detail\/repository\/FruitDetailRepository.swift","hash":"c085759341ed133a577a2b9630d74d83c8b7a9b4"},{"path":"\/Users\/agustiyansyahsyam\/Documents\/Learn\/fruits-graphql\/fruits-graphql\/domain\/detail\/repository\/FruitDetailRepositoryImpl.swift","hash":"b105759e210191c995760a240f0fcde2543d9f9e"},{"path":"\/Users\/agustiyansyahsyam\/Documents\/Learn\/fruits-graphql\/fruits-graphql\/domain\/detail\/useCase\/FruitDetailUseCase.swift","hash":"0eb03c7c2de7d9eb2b4293711dc9811ef958087e"},{"path":"\/Users\/agustiyansyahsyam\/Documents\/Learn\/fruits-graphql\/fruits-graphql\/domain\/detail\/useCase\/FruitDetailUseCaseImpl.swift","hash":"33d861a7386ca3939e7af8461f8564363f96d898"},{"path":"\/Users\/agustiyansyahsyam\/Documents\/Learn\/fruits-graphql\/fruits-graphql\/domain\/detail\/view\/FruitDetailViewController.swift","hash":"d621fb4eb3a1e0e76f0ed3467b613c757b1cea68"},{"path":"\/Users\/agustiyansyahsyam\/Documents\/Learn\/fruits-graphql\/fruits-graphql\/domain\/detail\/viewModel\/FruitDetailViewModel.swift","hash":"45e195c47309000e7c597a7ff8adb4b44719a30c"},{"path":"\/Users\/agustiyansyahsyam\/Documents\/Learn\/fruits-graphql\/fruits-graphql\/domain\/fruits\/mapper\/FruitMapper.swift","hash":"abc89560aeb01e9b2b09b86b2eea14425c64cc70"},{"path":"\/Users\/agustiyansyahsyam\/Documents\/Learn\/fruits-graphql\/fruits-graphql\/domain\/fruits\/model\/AddFruitParameter.swift","hash":"cc5f05a704e5e565c9670a04efceb04ac2c80957"},{"path":"\/Users\/agustiyansyahsyam\/Documents\/Learn\/fruits-graphql\/fruits-graphql\/domain\/fruits\/model\/FruitModel.swift","hash":"8974b5142d57185cef57d792d42c4bcdb73cb8b6"},{"path":"\/Users\/agustiyansyahsyam\/Documents\/Learn\/fruits-graphql\/fruits-graphql\/domain\/fruits\/repository\/FruitsRepository.swift","hash":"20081cf05146997c3add26766cee4578973487a5"},{"path":"\/Users\/agustiyansyahsyam\/Documents\/Learn\/fruits-graphql\/fruits-graphql\/domain\/fruits\/repository\/FruitsRepositoryImpl.swift","hash":"089f690ac79644d9d99a46a1a4fae7542809b618"},{"path":"\/Users\/agustiyansyahsyam\/Documents\/Learn\/fruits-graphql\/fruits-graphql\/domain\/fruits\/useCase\/FruitsUseCase.swift","hash":"13e900eb337c57d96068cb43c0f84a65928021ce"},{"path":"\/Users\/agustiyansyahsyam\/Documents\/Learn\/fruits-graphql\/fruits-graphql\/domain\/fruits\/useCase\/FruitsUseCaseImpl.swift","hash":"64767b197591204acd517cc135bf24784e7a0e0d"},{"path":"\/Users\/agustiyansyahsyam\/Documents\/Learn\/fruits-graphql\/fruits-graphql\/domain\/fruits\/view\/AddFruitViewController.swift","hash":"2db49e8e5d1f2b923b837f9e7861c238064e197a"},{"path":"\/Users\/agustiyansyahsyam\/Documents\/Learn\/fruits-graphql\/fruits-graphql\/domain\/fruits\/view\/FruitTableViewCell.swift","hash":"fbb574ce8381846078b82cd3540bcc4706fa5842"},{"path":"\/Users\/agustiyansyahsyam\/Documents\/Learn\/fruits-graphql\/fruits-graphql\/domain\/fruits\/view\/ViewController.swift","hash":"c71498ea95d9cd42e381a547a30d3caed61c3493"},{"path":"\/Users\/agustiyansyahsyam\/Documents\/Learn\/fruits-graphql\/fruits-graphql\/domain\/fruits\/viewModel\/AddFruitViewModel.swift","hash":"640947d385855ad747fafba6df519ff0d98c2419"},{"path":"\/Users\/agustiyansyahsyam\/Documents\/Learn\/fruits-graphql\/fruits-graphql\/domain\/fruits\/viewModel\/FruitsViewModel.swift","hash":"6213055fd95835aa94b7972cadf4a11fd66dcf5b"}],"configHash":"275056a4b3d1bde1d9693d07819daf3495c7d72e","dependencyPathsHash":"f3f5191d09d29d6b94ba6d4821c6572f253dec7d","targetPathsHash":"7fb3ed92fcbe9c26c8a5f24e5ff04c7ae782e166","mockedTypesHash":"c88e5fdd30492b88ec6159c1ee0c2c9a5ed4cb8a","outputHash":"c3c82bda397fb743d31429cc22faaa6dcb6149de","dependencies":[],"sourceRoot":"\/Users\/agustiyansyahsyam\/Documents\/Learn\/fruits-graphql","supportingFilePaths":[{"path":"\/Users\/agustiyansyahsyam\/Documents\/Learn\/fruits-graphql\/MockingbirdSupport\/AppKit\/NSResponder.swift","hash":"21296949c6d570892c8665a450e62c234c938790"},{"path":"\/Users\/agustiyansyahsyam\/Documents\/Learn\/fruits-graphql\/MockingbirdSupport\/AppKit\/NSView.swift","hash":"85b3183be144012a7e105e292426c3d9f8966072"},{"path":"\/Users\/agustiyansyahsyam\/Documents\/Learn\/fruits-graphql\/MockingbirdSupport\/AppKit\/NSViewController.swift","hash":"d8785e8a119f2723c8840534df0ad8ac61409797"},{"path":"\/Users\/agustiyansyahsyam\/Documents\/Learn\/fruits-graphql\/MockingbirdSupport\/Foundation\/ObjectiveC\/NSObject.swift","hash":"cf466772b8c2d80d31f34b93b501b398fbb8854d"},{"path":"\/Users\/agustiyansyahsyam\/Documents\/Learn\/fruits-graphql\/MockingbirdSupport\/Foundation\/ObjectiveC\/NSObject.swift","hash":"cf466772b8c2d80d31f34b93b501b398fbb8854d"},{"path":"\/Users\/agustiyansyahsyam\/Documents\/Learn\/fruits-graphql\/MockingbirdSupport\/Swift\/Codable.swift","hash":"57675d8b36a2db7b093b3542bd3225a88992c3bc"},{"path":"\/Users\/agustiyansyahsyam\/Documents\/Learn\/fruits-graphql\/MockingbirdSupport\/Swift\/Comparable.swift","hash":"d0d110744eeaf2f8fdd2f8a41df3452f35286bb7"},{"path":"\/Users\/agustiyansyahsyam\/Documents\/Learn\/fruits-graphql\/MockingbirdSupport\/Swift\/Equatable.swift","hash":"2e7674f4e23a5ab7aef45b91b63c0ed5934c3b83"},{"path":"\/Users\/agustiyansyahsyam\/Documents\/Learn\/fruits-graphql\/MockingbirdSupport\/Swift\/Hashable.swift","hash":"f59ec249aa03e312f2bda7c3b397c0dccd880a21"},{"path":"\/Users\/agustiyansyahsyam\/Documents\/Learn\/fruits-graphql\/MockingbirdSupport\/Swift\/Misc.swift","hash":"c139249ec5799f1ec64c3d9e7d8c1f286b894035"},{"path":"\/Users\/agustiyansyahsyam\/Documents\/Learn\/fruits-graphql\/MockingbirdSupport\/UIKit\/UIControl.swift","hash":"9363a4c38002598dbbc1198f16fe7198b8151d24"},{"path":"\/Users\/agustiyansyahsyam\/Documents\/Learn\/fruits-graphql\/MockingbirdSupport\/UIKit\/UILabel.swift","hash":"e26a734695bfe008598ed0d8c936683db78f40ac"},{"path":"\/Users\/agustiyansyahsyam\/Documents\/Learn\/fruits-graphql\/MockingbirdSupport\/UIKit\/UIView.swift","hash":"10e6b03a9c5a76f720c17fcb82af82ff66994926"},{"path":"\/Users\/agustiyansyahsyam\/Documents\/Learn\/fruits-graphql\/MockingbirdSupport\/UIKit\/UIViewController.swift","hash":"bbd8980a22029f339b0e8746124fd06d94730570"}],"name":"fruits-graphql","projectHash":"da6d9926a3a5df06f9ee8ea3f030765493f3fd93"}